// !$*UTF8*$!
{
	archiveVersion = 1;
	classes = {
	};
	objectVersion = 56;
	objects = {

/* Begin PBXBuildFile section */
		D616D26A2B4833820012CFC5 /* SignUpView.swift in Sources */ = {isa = PBXBuildFile; fileRef = D616D2692B4833820012CFC5 /* SignUpView.swift */; };
		D616D26C2B48338D0012CFC5 /* SignUpViewController.swift in Sources */ = {isa = PBXBuildFile; fileRef = D616D26B2B48338D0012CFC5 /* SignUpViewController.swift */; };
		D616D26E2B4833E00012CFC5 /* BaseView.swift in Sources */ = {isa = PBXBuildFile; fileRef = D616D26D2B4833E00012CFC5 /* BaseView.swift */; };
		D616D2722B48419B0012CFC5 /* CustomPlaceHolderTextField.swift in Sources */ = {isa = PBXBuildFile; fileRef = D616D2712B48419B0012CFC5 /* CustomPlaceHolderTextField.swift */; };
		D616D2782B48546C0012CFC5 /* Router.swift in Sources */ = {isa = PBXBuildFile; fileRef = D616D2772B48546C0012CFC5 /* Router.swift */; };
		D616D27D2B4856A80012CFC5 /* EmailValidationRequestDTO.swift in Sources */ = {isa = PBXBuildFile; fileRef = D616D27C2B4856A80012CFC5 /* EmailValidationRequestDTO.swift */; };
		D616D27F2B48570F0012CFC5 /* NetWorkManager.swift in Sources */ = {isa = PBXBuildFile; fileRef = D616D27E2B48570F0012CFC5 /* NetWorkManager.swift */; };
		D616D2832B4862BF0012CFC5 /* NetWorkErrorType.swift in Sources */ = {isa = PBXBuildFile; fileRef = D616D2822B4862BF0012CFC5 /* NetWorkErrorType.swift */; };
		D616D2862B4863020012CFC5 /* ResponseErrorDTO.swift in Sources */ = {isa = PBXBuildFile; fileRef = D616D2852B4863020012CFC5 /* ResponseErrorDTO.swift */; };
		D616D2882B4864A60012CFC5 /* EmailValidationResponseDTO.swift in Sources */ = {isa = PBXBuildFile; fileRef = D616D2872B4864A60012CFC5 /* EmailValidationResponseDTO.swift */; };
		D616D28D2B48797B0012CFC5 /* SignRepository.swift in Sources */ = {isa = PBXBuildFile; fileRef = D616D28C2B48797B0012CFC5 /* SignRepository.swift */; };
		D616D2912B487BB30012CFC5 /* DefaultSignRepository.swift in Sources */ = {isa = PBXBuildFile; fileRef = D616D2902B487BB30012CFC5 /* DefaultSignRepository.swift */; };
		D616D2952B487D2E0012CFC5 /* SignUseCase.swift in Sources */ = {isa = PBXBuildFile; fileRef = D616D2942B487D2E0012CFC5 /* SignUseCase.swift */; };
		D616D2992B487FF10012CFC5 /* SignUpViewModel.swift in Sources */ = {isa = PBXBuildFile; fileRef = D616D2982B487FF10012CFC5 /* SignUpViewModel.swift */; };
		D616D29B2B4AAB750012CFC5 /* String+Extension.swift in Sources */ = {isa = PBXBuildFile; fileRef = D616D29A2B4AAB750012CFC5 /* String+Extension.swift */; };
		D616D29D2B4B12200012CFC5 /* SignUpRequestDTO.swift in Sources */ = {isa = PBXBuildFile; fileRef = D616D29C2B4B12200012CFC5 /* SignUpRequestDTO.swift */; };
		D616D29F2B4B1F4E0012CFC5 /* SignUpResponseDTO.swift in Sources */ = {isa = PBXBuildFile; fileRef = D616D29E2B4B1F4E0012CFC5 /* SignUpResponseDTO.swift */; };
		D616D2A12B4BE2830012CFC5 /* UserDefaultsManager.swift in Sources */ = {isa = PBXBuildFile; fileRef = D616D2A02B4BE2830012CFC5 /* UserDefaultsManager.swift */; };
		D616D2A62B4BE59F0012CFC5 /* WorkSpaceInitViewController.swift in Sources */ = {isa = PBXBuildFile; fileRef = D616D2A52B4BE59F0012CFC5 /* WorkSpaceInitViewController.swift */; };
		D616D2A92B4C06860012CFC5 /* IQKeyboardManagerSwift in Frameworks */ = {isa = PBXBuildFile; productRef = D616D2A82B4C06860012CFC5 /* IQKeyboardManagerSwift */; };
		D616D2AB2B4C09FF0012CFC5 /* SignUpTextFieldType.swift in Sources */ = {isa = PBXBuildFile; fileRef = D616D2AA2B4C09FF0012CFC5 /* SignUpTextFieldType.swift */; };
		D654CA192B4435600054AD46 /* AppDelegate.swift in Sources */ = {isa = PBXBuildFile; fileRef = D654CA182B4435600054AD46 /* AppDelegate.swift */; };
		D654CA1B2B4435600054AD46 /* SceneDelegate.swift in Sources */ = {isa = PBXBuildFile; fileRef = D654CA1A2B4435600054AD46 /* SceneDelegate.swift */; };
		D654CA1D2B4435600054AD46 /* OnBoardingViewController.swift in Sources */ = {isa = PBXBuildFile; fileRef = D654CA1C2B4435600054AD46 /* OnBoardingViewController.swift */; };
		D654CA222B4435610054AD46 /* Assets.xcassets in Resources */ = {isa = PBXBuildFile; fileRef = D654CA212B4435610054AD46 /* Assets.xcassets */; };
		D654CA252B4435610054AD46 /* LaunchScreen.storyboard in Resources */ = {isa = PBXBuildFile; fileRef = D654CA232B4435610054AD46 /* LaunchScreen.storyboard */; };
		D654CA302B4435610054AD46 /* SeSacSlackTests.swift in Sources */ = {isa = PBXBuildFile; fileRef = D654CA2F2B4435610054AD46 /* SeSacSlackTests.swift */; };
		D654CA3A2B4435610054AD46 /* SeSacSlackUITests.swift in Sources */ = {isa = PBXBuildFile; fileRef = D654CA392B4435610054AD46 /* SeSacSlackUITests.swift */; };
		D654CA3C2B4435610054AD46 /* SeSacSlackUITestsLaunchTests.swift in Sources */ = {isa = PBXBuildFile; fileRef = D654CA3B2B4435610054AD46 /* SeSacSlackUITestsLaunchTests.swift */; };
		D654CA4D2B459A910054AD46 /* .gitIgnore in Resources */ = {isa = PBXBuildFile; fileRef = D654CA4C2B459A910054AD46 /* .gitIgnore */; };
		D654CA502B459FCA0054AD46 /* APIKey.swift in Sources */ = {isa = PBXBuildFile; fileRef = D654CA4F2B459FCA0054AD46 /* APIKey.swift */; };
		D654CA532B45A6B00054AD46 /* SnapKit in Frameworks */ = {isa = PBXBuildFile; productRef = D654CA522B45A6B00054AD46 /* SnapKit */; };
		D654CA562B45A7790054AD46 /* RxKakaoSDK in Frameworks */ = {isa = PBXBuildFile; productRef = D654CA552B45A7790054AD46 /* RxKakaoSDK */; };
		D654CA582B45A7790054AD46 /* RxKakaoSDKAuth in Frameworks */ = {isa = PBXBuildFile; productRef = D654CA572B45A7790054AD46 /* RxKakaoSDKAuth */; };
		D654CA5A2B45A7790054AD46 /* RxKakaoSDKCommon in Frameworks */ = {isa = PBXBuildFile; productRef = D654CA592B45A7790054AD46 /* RxKakaoSDKCommon */; };
		D654CA5C2B45A7790054AD46 /* RxKakaoSDKUser in Frameworks */ = {isa = PBXBuildFile; productRef = D654CA5B2B45A7790054AD46 /* RxKakaoSDKUser */; };
		D654CA5F2B45A7A30054AD46 /* Alamofire in Frameworks */ = {isa = PBXBuildFile; productRef = D654CA5E2B45A7A30054AD46 /* Alamofire */; };
		D654CA622B45A7AF0054AD46 /* Toast in Frameworks */ = {isa = PBXBuildFile; productRef = D654CA612B45A7AF0054AD46 /* Toast */; };
		D654CA652B45A7BF0054AD46 /* Kingfisher in Frameworks */ = {isa = PBXBuildFile; productRef = D654CA642B45A7BF0054AD46 /* Kingfisher */; };
		D654CA682B45A7F90054AD46 /* RxCocoa in Frameworks */ = {isa = PBXBuildFile; productRef = D654CA672B45A7F90054AD46 /* RxCocoa */; };
		D654CA6A2B45A7F90054AD46 /* RxSwift in Frameworks */ = {isa = PBXBuildFile; productRef = D654CA692B45A7F90054AD46 /* RxSwift */; };
		D654CA6D2B45B3A00054AD46 /* Color.swift in Sources */ = {isa = PBXBuildFile; fileRef = D654CA6C2B45B3A00054AD46 /* Color.swift */; };
		D654CA6F2B45C1390054AD46 /* Font.swift in Sources */ = {isa = PBXBuildFile; fileRef = D654CA6E2B45C1390054AD46 /* Font.swift */; };
		D654CA732B463C210054AD46 /* UIColor+Extension.swift in Sources */ = {isa = PBXBuildFile; fileRef = D654CA722B463C210054AD46 /* UIColor+Extension.swift */; };
		D654CA752B46C2110054AD46 /* Icon.swift in Sources */ = {isa = PBXBuildFile; fileRef = D654CA742B46C2100054AD46 /* Icon.swift */; };
		D654CA782B46CC0F0054AD46 /* SF-Pro.ttf in Resources */ = {isa = PBXBuildFile; fileRef = D654CA762B46CC0F0054AD46 /* SF-Pro.ttf */; };
		D654CA7D2B46DB780054AD46 /* CustomBackgroundTitleWhiteLabelButton.swift in Sources */ = {isa = PBXBuildFile; fileRef = D654CA7C2B46DB780054AD46 /* CustomBackgroundTitleWhiteLabelButton.swift */; };
		D654CA802B46FDD60054AD46 /* BaseViewController.swift in Sources */ = {isa = PBXBuildFile; fileRef = D654CA7F2B46FDD60054AD46 /* BaseViewController.swift */; };
		D654CA852B470CDF0054AD46 /* AuthViewController.swift in Sources */ = {isa = PBXBuildFile; fileRef = D654CA842B470CDF0054AD46 /* AuthViewController.swift */; };
		D654CA872B470D450054AD46 /* SNSLoginButton.swift in Sources */ = {isa = PBXBuildFile; fileRef = D654CA862B470D450054AD46 /* SNSLoginButton.swift */; };
		D69D464D2B5ED1490044C756 /* WorkspaceListEmptyView.swift in Sources */ = {isa = PBXBuildFile; fileRef = D69D464C2B5ED1490044C756 /* WorkspaceListEmptyView.swift */; };
		D69D464F2B5FD8300044C756 /* WorkSpaceListViewController.swift in Sources */ = {isa = PBXBuildFile; fileRef = D69D464E2B5FD8300044C756 /* WorkSpaceListViewController.swift */; };
		D69D46512B5FD8D20044C756 /* WorkSpaceListView.swift in Sources */ = {isa = PBXBuildFile; fileRef = D69D46502B5FD8D20044C756 /* WorkSpaceListView.swift */; };
		D6BA714A2B4C583600D3FD00 /* AuthViewModel.swift in Sources */ = {isa = PBXBuildFile; fileRef = D6BA71492B4C583600D3FD00 /* AuthViewModel.swift */; };
		D6BA714C2B4D835700D3FD00 /* KakaoLoginRequestDTO.swift in Sources */ = {isa = PBXBuildFile; fileRef = D6BA714B2B4D835700D3FD00 /* KakaoLoginRequestDTO.swift */; };
		D6BA714E2B4D838D00D3FD00 /* KakaoResponseDTO.swift in Sources */ = {isa = PBXBuildFile; fileRef = D6BA714D2B4D838D00D3FD00 /* KakaoResponseDTO.swift */; };
		D6BA71502B4D83BA00D3FD00 /* TokenResponseDTO.swift in Sources */ = {isa = PBXBuildFile; fileRef = D6BA714F2B4D83BA00D3FD00 /* TokenResponseDTO.swift */; };
		D6BA71522B4E90F100D3FD00 /* LoginRespository.swift in Sources */ = {isa = PBXBuildFile; fileRef = D6BA71512B4E90F100D3FD00 /* LoginRespository.swift */; };
		D6BA71562B4E919B00D3FD00 /* DefaultLoginRepository.swift in Sources */ = {isa = PBXBuildFile; fileRef = D6BA71552B4E919B00D3FD00 /* DefaultLoginRepository.swift */; };
		D6BA71592B4E920E00D3FD00 /* LoginUseCase.swift in Sources */ = {isa = PBXBuildFile; fileRef = D6BA71582B4E920E00D3FD00 /* LoginUseCase.swift */; };
		D6BA715C2B4EC11D00D3FD00 /* WorkSpaceHomeEmptyViewController.swift in Sources */ = {isa = PBXBuildFile; fileRef = D6BA715B2B4EC11D00D3FD00 /* WorkSpaceHomeEmptyViewController.swift */; };
		D6BA715E2B4EC4B300D3FD00 /* AppleLoginRequestDTO.swift in Sources */ = {isa = PBXBuildFile; fileRef = D6BA715D2B4EC4B300D3FD00 /* AppleLoginRequestDTO.swift */; };
		D6BA71602B4EC53600D3FD00 /* AppleLoginResponseDTO.swift in Sources */ = {isa = PBXBuildFile; fileRef = D6BA715F2B4EC53600D3FD00 /* AppleLoginResponseDTO.swift */; };
		D6BA71692B4EE3DF00D3FD00 /* EmailLoginViewModel.swift in Sources */ = {isa = PBXBuildFile; fileRef = D6BA71682B4EE3DF00D3FD00 /* EmailLoginViewModel.swift */; };
		D6BA716B2B4EE3EA00D3FD00 /* EmailLoginViewController.swift in Sources */ = {isa = PBXBuildFile; fileRef = D6BA716A2B4EE3EA00D3FD00 /* EmailLoginViewController.swift */; };
		D6BA716D2B4EEF2200D3FD00 /* LoginErrorTextFieldType.swift in Sources */ = {isa = PBXBuildFile; fileRef = D6BA716C2B4EEF2200D3FD00 /* LoginErrorTextFieldType.swift */; };
		D6BA716F2B4EFDCB00D3FD00 /* EmailLoginRequestDTO.swift in Sources */ = {isa = PBXBuildFile; fileRef = D6BA716E2B4EFDCB00D3FD00 /* EmailLoginRequestDTO.swift */; };
		D6BA71712B4EFED000D3FD00 /* EmailLoginResponseDTO.swift in Sources */ = {isa = PBXBuildFile; fileRef = D6BA71702B4EFED000D3FD00 /* EmailLoginResponseDTO.swift */; };
		D6BA71732B4FEC8600D3FD00 /* Interceptor.swift in Sources */ = {isa = PBXBuildFile; fileRef = D6BA71722B4FEC8600D3FD00 /* Interceptor.swift */; };
		D6BA71752B4FEEB900D3FD00 /* RefreshTokenResponseDTO.swift in Sources */ = {isa = PBXBuildFile; fileRef = D6BA71742B4FEEB900D3FD00 /* RefreshTokenResponseDTO.swift */; };
		D6BA71772B4FEEEA00D3FD00 /* RefreshErrorType.swift in Sources */ = {isa = PBXBuildFile; fileRef = D6BA71762B4FEEEA00D3FD00 /* RefreshErrorType.swift */; };
		D6BA71792B500F6200D3FD00 /* LoginSignUpErrorType.swift in Sources */ = {isa = PBXBuildFile; fileRef = D6BA71782B500F6200D3FD00 /* LoginSignUpErrorType.swift */; };
		D6BA71802B52B78900D3FD00 /* WorkSpaceProfileView.swift in Sources */ = {isa = PBXBuildFile; fileRef = D6BA717F2B52B78900D3FD00 /* WorkSpaceProfileView.swift */; };
		D6BA71832B52E35F00D3FD00 /* WorkSpaceAddViewController.swift in Sources */ = {isa = PBXBuildFile; fileRef = D6BA71822B52E35F00D3FD00 /* WorkSpaceAddViewController.swift */; };
		D6BA71872B53D82400D3FD00 /* WorkSpaceAddViewModel.swift in Sources */ = {isa = PBXBuildFile; fileRef = D6BA71862B53D82400D3FD00 /* WorkSpaceAddViewModel.swift */; };
		D6BA71892B53D91A00D3FD00 /* AddWorkSpaceRequestDTO.swift in Sources */ = {isa = PBXBuildFile; fileRef = D6BA71882B53D91A00D3FD00 /* AddWorkSpaceRequestDTO.swift */; };
		D6BA718B2B53DB8F00D3FD00 /* AddWorkSpaceResponseDTO.swift in Sources */ = {isa = PBXBuildFile; fileRef = D6BA718A2B53DB8F00D3FD00 /* AddWorkSpaceResponseDTO.swift */; };
		D6BA718E2B53DE5C00D3FD00 /* WorkSpaceRepository.swift in Sources */ = {isa = PBXBuildFile; fileRef = D6BA718D2B53DE5C00D3FD00 /* WorkSpaceRepository.swift */; };
		D6BA71912B53DF0C00D3FD00 /* DefaultWorkSpaceRepository.swift in Sources */ = {isa = PBXBuildFile; fileRef = D6BA71902B53DF0C00D3FD00 /* DefaultWorkSpaceRepository.swift */; };
		D6BA71942B53E00100D3FD00 /* WorkSpaceUseCase.swift in Sources */ = {isa = PBXBuildFile; fileRef = D6BA71932B53E00100D3FD00 /* WorkSpaceUseCase.swift */; };
		D6BA71962B53F37000D3FD00 /* UIImage+Extension.swift in Sources */ = {isa = PBXBuildFile; fileRef = D6BA71952B53F37000D3FD00 /* UIImage+Extension.swift */; };
		D6BA71982B54014500D3FD00 /* WorkSpaceErrorType.swift in Sources */ = {isa = PBXBuildFile; fileRef = D6BA71972B54014500D3FD00 /* WorkSpaceErrorType.swift */; };
		D6BA719D2B5448F100D3FD00 /* WorkSpaceHomeDefaultViewController.swift in Sources */ = {isa = PBXBuildFile; fileRef = D6BA719C2B5448F100D3FD00 /* WorkSpaceHomeDefaultViewController.swift */; };
		D6C7A2292B600CFA0007102A /* UIView+Extension.swift in Sources */ = {isa = PBXBuildFile; fileRef = D6C7A2282B600CFA0007102A /* UIView+Extension.swift */; };
		D6C7A22B2B602C2A0007102A /* SlideInTransition.swift in Sources */ = {isa = PBXBuildFile; fileRef = D6C7A22A2B602C2A0007102A /* SlideInTransition.swift */; };
		D6C7A22E2B6117A70007102A /* TabbarController.swift in Sources */ = {isa = PBXBuildFile; fileRef = D6C7A22D2B6117A70007102A /* TabbarController.swift */; };
		D6C7A2302B612E8A0007102A /* WorkSpaceListTableViewCell.swift in Sources */ = {isa = PBXBuildFile; fileRef = D6C7A22F2B612E8A0007102A /* WorkSpaceListTableViewCell.swift */; };
		D6C7A2322B612EA30007102A /* BaseTableViewCell.swift in Sources */ = {isa = PBXBuildFile; fileRef = D6C7A2312B612EA30007102A /* BaseTableViewCell.swift */; };
		D6C7A2342B6145170007102A /* CustomFontColorLabel.swift in Sources */ = {isa = PBXBuildFile; fileRef = D6C7A2332B6145170007102A /* CustomFontColorLabel.swift */; };
		D6C7A2362B6152430007102A /* ResusableProtocol.swift in Sources */ = {isa = PBXBuildFile; fileRef = D6C7A2352B6152430007102A /* ResusableProtocol.swift */; };
		D6DCA3572B57D8C400236EDB /* BaseCollectionViewCell.swift in Sources */ = {isa = PBXBuildFile; fileRef = D6DCA3562B57D8C400236EDB /* BaseCollectionViewCell.swift */; };
		D6DCA35A2B57D97700236EDB /* IconImageCollectionViewCell.swift in Sources */ = {isa = PBXBuildFile; fileRef = D6DCA3592B57D97700236EDB /* IconImageCollectionViewCell.swift */; };
		D6DCA35E2B584E0200236EDB /* SearchWorkSpacesResponseDTO.swift in Sources */ = {isa = PBXBuildFile; fileRef = D6DCA35D2B584E0200236EDB /* SearchWorkSpacesResponseDTO.swift */; };
		D6DCA3612B591DE500236EDB /* MyInfoManager.swift in Sources */ = {isa = PBXBuildFile; fileRef = D6DCA3602B591DE500236EDB /* MyInfoManager.swift */; };
		D6DCA3632B591EFE00236EDB /* MyInfoResponseDTO.swift in Sources */ = {isa = PBXBuildFile; fileRef = D6DCA3622B591EFE00236EDB /* MyInfoResponseDTO.swift */; };
		D6DCA3662B596F7B00236EDB /* SplashViewController.swift in Sources */ = {isa = PBXBuildFile; fileRef = D6DCA3652B596F7B00236EDB /* SplashViewController.swift */; };
		D6DCA36A2B59727100236EDB /* SplashViewModel.swift in Sources */ = {isa = PBXBuildFile; fileRef = D6DCA3692B59727100236EDB /* SplashViewModel.swift */; };
		D6DCA36C2B5972E700236EDB /* RX+Extension.swift in Sources */ = {isa = PBXBuildFile; fileRef = D6DCA36B2B5972E700236EDB /* RX+Extension.swift */; };
		D6DCA3702B59B11400236EDB /* WorkSpaceHomeDefaultViewModel.swift in Sources */ = {isa = PBXBuildFile; fileRef = D6DCA36F2B59B11400236EDB /* WorkSpaceHomeDefaultViewModel.swift */; };
		D6DCA3772B59BF7200236EDB /* SearchMyChannelsRequestDTO.swift in Sources */ = {isa = PBXBuildFile; fileRef = D6DCA3762B59BF7200236EDB /* SearchMyChannelsRequestDTO.swift */; };
		D6DCA37A2B59BFC000236EDB /* SearchMyChannelsResponseDTO.swift in Sources */ = {isa = PBXBuildFile; fileRef = D6DCA3792B59BFC000236EDB /* SearchMyChannelsResponseDTO.swift */; };
		D6DCA37C2B5A8A6A00236EDB /* ViewManager.swift in Sources */ = {isa = PBXBuildFile; fileRef = D6DCA37B2B5A8A6A00236EDB /* ViewManager.swift */; };
		D6DCA37E2B5A967E00236EDB /* WorkSpaceManager.swift in Sources */ = {isa = PBXBuildFile; fileRef = D6DCA37D2B5A967E00236EDB /* WorkSpaceManager.swift */; };
		D6DCA3802B5A9B0800236EDB /* SearchWorkSpaceRequestDTO.swift in Sources */ = {isa = PBXBuildFile; fileRef = D6DCA37F2B5A9B0800236EDB /* SearchWorkSpaceRequestDTO.swift */; };
		D6DCA3822B5A9B5F00236EDB /* SearchWorkSpaceResponseDTO.swift in Sources */ = {isa = PBXBuildFile; fileRef = D6DCA3812B5A9B5F00236EDB /* SearchWorkSpaceResponseDTO.swift */; };
		D6DCA3862B5D2F9600236EDB /* SearchMyWorkSpaceDMRequestDTO.swift in Sources */ = {isa = PBXBuildFile; fileRef = D6DCA3852B5D2F9600236EDB /* SearchMyWorkSpaceDMRequestDTO.swift */; };
		D6DCA3882B5D2FB500236EDB /* SearchMyWorkSpaceDMResponseDTO.swift in Sources */ = {isa = PBXBuildFile; fileRef = D6DCA3872B5D2FB500236EDB /* SearchMyWorkSpaceDMResponseDTO.swift */; };
		D6DCA38A2B5D419000236EDB /* UIImageView+Extension.swift in Sources */ = {isa = PBXBuildFile; fileRef = D6DCA3892B5D419000236EDB /* UIImageView+Extension.swift */; };
		D6DCA38E2B5D741300236EDB /* ChannelRepository.swift in Sources */ = {isa = PBXBuildFile; fileRef = D6DCA38D2B5D741300236EDB /* ChannelRepository.swift */; };
		D6DCA3902B5D746E00236EDB /* DefaultChannelRepository.swift in Sources */ = {isa = PBXBuildFile; fileRef = D6DCA38F2B5D746E00236EDB /* DefaultChannelRepository.swift */; };
		D6DCA3932B5D74D900236EDB /* ChannelUseCase.swift in Sources */ = {isa = PBXBuildFile; fileRef = D6DCA3922B5D74D900236EDB /* ChannelUseCase.swift */; };
		D6DCA3972B5D76AC00236EDB /* DMRepository.swift in Sources */ = {isa = PBXBuildFile; fileRef = D6DCA3962B5D76AC00236EDB /* DMRepository.swift */; };
		D6DCA3992B5D76EE00236EDB /* DefaultDMRepository.swift in Sources */ = {isa = PBXBuildFile; fileRef = D6DCA3982B5D76EE00236EDB /* DefaultDMRepository.swift */; };
		D6DCA39C2B5D779B00236EDB /* DMUseCase.swift in Sources */ = {isa = PBXBuildFile; fileRef = D6DCA39B2B5D779B00236EDB /* DMUseCase.swift */; };
/* End PBXBuildFile section */

/* Begin PBXContainerItemProxy section */
		D654CA2C2B4435610054AD46 /* PBXContainerItemProxy */ = {
			isa = PBXContainerItemProxy;
			containerPortal = D654CA0D2B4435600054AD46 /* Project object */;
			proxyType = 1;
			remoteGlobalIDString = D654CA142B4435600054AD46;
			remoteInfo = SeSacSlack;
		};
		D654CA362B4435610054AD46 /* PBXContainerItemProxy */ = {
			isa = PBXContainerItemProxy;
			containerPortal = D654CA0D2B4435600054AD46 /* Project object */;
			proxyType = 1;
			remoteGlobalIDString = D654CA142B4435600054AD46;
			remoteInfo = SeSacSlack;
		};
/* End PBXContainerItemProxy section */

/* Begin PBXFileReference section */
		D616D2692B4833820012CFC5 /* SignUpView.swift */ = {isa = PBXFileReference; lastKnownFileType = sourcecode.swift; path = SignUpView.swift; sourceTree = "<group>"; };
		D616D26B2B48338D0012CFC5 /* SignUpViewController.swift */ = {isa = PBXFileReference; lastKnownFileType = sourcecode.swift; path = SignUpViewController.swift; sourceTree = "<group>"; };
		D616D26D2B4833E00012CFC5 /* BaseView.swift */ = {isa = PBXFileReference; lastKnownFileType = sourcecode.swift; path = BaseView.swift; sourceTree = "<group>"; };
		D616D2712B48419B0012CFC5 /* CustomPlaceHolderTextField.swift */ = {isa = PBXFileReference; lastKnownFileType = sourcecode.swift; path = CustomPlaceHolderTextField.swift; sourceTree = "<group>"; };
		D616D2772B48546C0012CFC5 /* Router.swift */ = {isa = PBXFileReference; lastKnownFileType = sourcecode.swift; path = Router.swift; sourceTree = "<group>"; };
		D616D27C2B4856A80012CFC5 /* EmailValidationRequestDTO.swift */ = {isa = PBXFileReference; lastKnownFileType = sourcecode.swift; path = EmailValidationRequestDTO.swift; sourceTree = "<group>"; };
		D616D27E2B48570F0012CFC5 /* NetWorkManager.swift */ = {isa = PBXFileReference; lastKnownFileType = sourcecode.swift; path = NetWorkManager.swift; sourceTree = "<group>"; };
		D616D2822B4862BF0012CFC5 /* NetWorkErrorType.swift */ = {isa = PBXFileReference; lastKnownFileType = sourcecode.swift; path = NetWorkErrorType.swift; sourceTree = "<group>"; };
		D616D2852B4863020012CFC5 /* ResponseErrorDTO.swift */ = {isa = PBXFileReference; lastKnownFileType = sourcecode.swift; path = ResponseErrorDTO.swift; sourceTree = "<group>"; };
		D616D2872B4864A60012CFC5 /* EmailValidationResponseDTO.swift */ = {isa = PBXFileReference; lastKnownFileType = sourcecode.swift; path = EmailValidationResponseDTO.swift; sourceTree = "<group>"; };
		D616D28C2B48797B0012CFC5 /* SignRepository.swift */ = {isa = PBXFileReference; lastKnownFileType = sourcecode.swift; path = SignRepository.swift; sourceTree = "<group>"; };
		D616D2902B487BB30012CFC5 /* DefaultSignRepository.swift */ = {isa = PBXFileReference; lastKnownFileType = sourcecode.swift; path = DefaultSignRepository.swift; sourceTree = "<group>"; };
		D616D2942B487D2E0012CFC5 /* SignUseCase.swift */ = {isa = PBXFileReference; lastKnownFileType = sourcecode.swift; path = SignUseCase.swift; sourceTree = "<group>"; };
		D616D2982B487FF10012CFC5 /* SignUpViewModel.swift */ = {isa = PBXFileReference; lastKnownFileType = sourcecode.swift; path = SignUpViewModel.swift; sourceTree = "<group>"; };
		D616D29A2B4AAB750012CFC5 /* String+Extension.swift */ = {isa = PBXFileReference; lastKnownFileType = sourcecode.swift; path = "String+Extension.swift"; sourceTree = "<group>"; };
		D616D29C2B4B12200012CFC5 /* SignUpRequestDTO.swift */ = {isa = PBXFileReference; lastKnownFileType = sourcecode.swift; path = SignUpRequestDTO.swift; sourceTree = "<group>"; };
		D616D29E2B4B1F4E0012CFC5 /* SignUpResponseDTO.swift */ = {isa = PBXFileReference; lastKnownFileType = sourcecode.swift; path = SignUpResponseDTO.swift; sourceTree = "<group>"; };
		D616D2A02B4BE2830012CFC5 /* UserDefaultsManager.swift */ = {isa = PBXFileReference; lastKnownFileType = sourcecode.swift; path = UserDefaultsManager.swift; sourceTree = "<group>"; };
		D616D2A52B4BE59F0012CFC5 /* WorkSpaceInitViewController.swift */ = {isa = PBXFileReference; lastKnownFileType = sourcecode.swift; path = WorkSpaceInitViewController.swift; sourceTree = "<group>"; };
		D616D2AA2B4C09FF0012CFC5 /* SignUpTextFieldType.swift */ = {isa = PBXFileReference; lastKnownFileType = sourcecode.swift; path = SignUpTextFieldType.swift; sourceTree = "<group>"; };
		D654CA152B4435600054AD46 /* SeSacSlack.app */ = {isa = PBXFileReference; explicitFileType = wrapper.application; includeInIndex = 0; path = SeSacSlack.app; sourceTree = BUILT_PRODUCTS_DIR; };
		D654CA182B4435600054AD46 /* AppDelegate.swift */ = {isa = PBXFileReference; lastKnownFileType = sourcecode.swift; path = AppDelegate.swift; sourceTree = "<group>"; };
		D654CA1A2B4435600054AD46 /* SceneDelegate.swift */ = {isa = PBXFileReference; lastKnownFileType = sourcecode.swift; path = SceneDelegate.swift; sourceTree = "<group>"; };
		D654CA1C2B4435600054AD46 /* OnBoardingViewController.swift */ = {isa = PBXFileReference; lastKnownFileType = sourcecode.swift; path = OnBoardingViewController.swift; sourceTree = "<group>"; };
		D654CA212B4435610054AD46 /* Assets.xcassets */ = {isa = PBXFileReference; lastKnownFileType = folder.assetcatalog; path = Assets.xcassets; sourceTree = "<group>"; };
		D654CA242B4435610054AD46 /* Base */ = {isa = PBXFileReference; lastKnownFileType = file.storyboard; name = Base; path = Base.lproj/LaunchScreen.storyboard; sourceTree = "<group>"; };
		D654CA262B4435610054AD46 /* Info.plist */ = {isa = PBXFileReference; lastKnownFileType = text.plist.xml; path = Info.plist; sourceTree = "<group>"; };
		D654CA2B2B4435610054AD46 /* SeSacSlackTests.xctest */ = {isa = PBXFileReference; explicitFileType = wrapper.cfbundle; includeInIndex = 0; path = SeSacSlackTests.xctest; sourceTree = BUILT_PRODUCTS_DIR; };
		D654CA2F2B4435610054AD46 /* SeSacSlackTests.swift */ = {isa = PBXFileReference; lastKnownFileType = sourcecode.swift; path = SeSacSlackTests.swift; sourceTree = "<group>"; };
		D654CA352B4435610054AD46 /* SeSacSlackUITests.xctest */ = {isa = PBXFileReference; explicitFileType = wrapper.cfbundle; includeInIndex = 0; path = SeSacSlackUITests.xctest; sourceTree = BUILT_PRODUCTS_DIR; };
		D654CA392B4435610054AD46 /* SeSacSlackUITests.swift */ = {isa = PBXFileReference; lastKnownFileType = sourcecode.swift; path = SeSacSlackUITests.swift; sourceTree = "<group>"; };
		D654CA3B2B4435610054AD46 /* SeSacSlackUITestsLaunchTests.swift */ = {isa = PBXFileReference; lastKnownFileType = sourcecode.swift; path = SeSacSlackUITestsLaunchTests.swift; sourceTree = "<group>"; };
		D654CA4C2B459A910054AD46 /* .gitIgnore */ = {isa = PBXFileReference; lastKnownFileType = text; path = .gitIgnore; sourceTree = "<group>"; };
		D654CA4E2B459FC00054AD46 /* Config.xcconfig */ = {isa = PBXFileReference; lastKnownFileType = text.xcconfig; path = Config.xcconfig; sourceTree = "<group>"; };
		D654CA4F2B459FCA0054AD46 /* APIKey.swift */ = {isa = PBXFileReference; lastKnownFileType = sourcecode.swift; path = APIKey.swift; sourceTree = "<group>"; };
		D654CA6C2B45B3A00054AD46 /* Color.swift */ = {isa = PBXFileReference; lastKnownFileType = sourcecode.swift; path = Color.swift; sourceTree = "<group>"; };
		D654CA6E2B45C1390054AD46 /* Font.swift */ = {isa = PBXFileReference; lastKnownFileType = sourcecode.swift; path = Font.swift; sourceTree = "<group>"; };
		D654CA722B463C210054AD46 /* UIColor+Extension.swift */ = {isa = PBXFileReference; lastKnownFileType = sourcecode.swift; path = "UIColor+Extension.swift"; sourceTree = "<group>"; };
		D654CA742B46C2100054AD46 /* Icon.swift */ = {isa = PBXFileReference; lastKnownFileType = sourcecode.swift; path = Icon.swift; sourceTree = "<group>"; };
		D654CA762B46CC0F0054AD46 /* SF-Pro.ttf */ = {isa = PBXFileReference; lastKnownFileType = file; path = "SF-Pro.ttf"; sourceTree = "<group>"; };
		D654CA7C2B46DB780054AD46 /* CustomBackgroundTitleWhiteLabelButton.swift */ = {isa = PBXFileReference; lastKnownFileType = sourcecode.swift; path = CustomBackgroundTitleWhiteLabelButton.swift; sourceTree = "<group>"; };
		D654CA7F2B46FDD60054AD46 /* BaseViewController.swift */ = {isa = PBXFileReference; lastKnownFileType = sourcecode.swift; path = BaseViewController.swift; sourceTree = "<group>"; };
		D654CA842B470CDF0054AD46 /* AuthViewController.swift */ = {isa = PBXFileReference; lastKnownFileType = sourcecode.swift; path = AuthViewController.swift; sourceTree = "<group>"; };
		D654CA862B470D450054AD46 /* SNSLoginButton.swift */ = {isa = PBXFileReference; lastKnownFileType = sourcecode.swift; path = SNSLoginButton.swift; sourceTree = "<group>"; };
		D69D464C2B5ED1490044C756 /* WorkspaceListEmptyView.swift */ = {isa = PBXFileReference; lastKnownFileType = sourcecode.swift; path = WorkspaceListEmptyView.swift; sourceTree = "<group>"; };
		D69D464E2B5FD8300044C756 /* WorkSpaceListViewController.swift */ = {isa = PBXFileReference; lastKnownFileType = sourcecode.swift; path = WorkSpaceListViewController.swift; sourceTree = "<group>"; };
		D69D46502B5FD8D20044C756 /* WorkSpaceListView.swift */ = {isa = PBXFileReference; lastKnownFileType = sourcecode.swift; path = WorkSpaceListView.swift; sourceTree = "<group>"; };
		D6BA71492B4C583600D3FD00 /* AuthViewModel.swift */ = {isa = PBXFileReference; lastKnownFileType = sourcecode.swift; path = AuthViewModel.swift; sourceTree = "<group>"; };
		D6BA714B2B4D835700D3FD00 /* KakaoLoginRequestDTO.swift */ = {isa = PBXFileReference; lastKnownFileType = sourcecode.swift; path = KakaoLoginRequestDTO.swift; sourceTree = "<group>"; };
		D6BA714D2B4D838D00D3FD00 /* KakaoResponseDTO.swift */ = {isa = PBXFileReference; lastKnownFileType = sourcecode.swift; path = KakaoResponseDTO.swift; sourceTree = "<group>"; };
		D6BA714F2B4D83BA00D3FD00 /* TokenResponseDTO.swift */ = {isa = PBXFileReference; lastKnownFileType = sourcecode.swift; path = TokenResponseDTO.swift; sourceTree = "<group>"; };
		D6BA71512B4E90F100D3FD00 /* LoginRespository.swift */ = {isa = PBXFileReference; lastKnownFileType = sourcecode.swift; path = LoginRespository.swift; sourceTree = "<group>"; };
		D6BA71552B4E919B00D3FD00 /* DefaultLoginRepository.swift */ = {isa = PBXFileReference; lastKnownFileType = sourcecode.swift; path = DefaultLoginRepository.swift; sourceTree = "<group>"; };
		D6BA71582B4E920E00D3FD00 /* LoginUseCase.swift */ = {isa = PBXFileReference; lastKnownFileType = sourcecode.swift; path = LoginUseCase.swift; sourceTree = "<group>"; };
		D6BA715B2B4EC11D00D3FD00 /* WorkSpaceHomeEmptyViewController.swift */ = {isa = PBXFileReference; lastKnownFileType = sourcecode.swift; path = WorkSpaceHomeEmptyViewController.swift; sourceTree = "<group>"; };
		D6BA715D2B4EC4B300D3FD00 /* AppleLoginRequestDTO.swift */ = {isa = PBXFileReference; lastKnownFileType = sourcecode.swift; path = AppleLoginRequestDTO.swift; sourceTree = "<group>"; };
		D6BA715F2B4EC53600D3FD00 /* AppleLoginResponseDTO.swift */ = {isa = PBXFileReference; lastKnownFileType = sourcecode.swift; path = AppleLoginResponseDTO.swift; sourceTree = "<group>"; };
		D6BA71612B4ED7E400D3FD00 /* SeSacSlack.entitlements */ = {isa = PBXFileReference; lastKnownFileType = text.plist.entitlements; path = SeSacSlack.entitlements; sourceTree = "<group>"; };
		D6BA71682B4EE3DF00D3FD00 /* EmailLoginViewModel.swift */ = {isa = PBXFileReference; lastKnownFileType = sourcecode.swift; path = EmailLoginViewModel.swift; sourceTree = "<group>"; };
		D6BA716A2B4EE3EA00D3FD00 /* EmailLoginViewController.swift */ = {isa = PBXFileReference; lastKnownFileType = sourcecode.swift; path = EmailLoginViewController.swift; sourceTree = "<group>"; };
		D6BA716C2B4EEF2200D3FD00 /* LoginErrorTextFieldType.swift */ = {isa = PBXFileReference; lastKnownFileType = sourcecode.swift; path = LoginErrorTextFieldType.swift; sourceTree = "<group>"; };
		D6BA716E2B4EFDCB00D3FD00 /* EmailLoginRequestDTO.swift */ = {isa = PBXFileReference; lastKnownFileType = sourcecode.swift; path = EmailLoginRequestDTO.swift; sourceTree = "<group>"; };
		D6BA71702B4EFED000D3FD00 /* EmailLoginResponseDTO.swift */ = {isa = PBXFileReference; lastKnownFileType = sourcecode.swift; path = EmailLoginResponseDTO.swift; sourceTree = "<group>"; };
		D6BA71722B4FEC8600D3FD00 /* Interceptor.swift */ = {isa = PBXFileReference; lastKnownFileType = sourcecode.swift; path = Interceptor.swift; sourceTree = "<group>"; };
		D6BA71742B4FEEB900D3FD00 /* RefreshTokenResponseDTO.swift */ = {isa = PBXFileReference; lastKnownFileType = sourcecode.swift; path = RefreshTokenResponseDTO.swift; sourceTree = "<group>"; };
		D6BA71762B4FEEEA00D3FD00 /* RefreshErrorType.swift */ = {isa = PBXFileReference; lastKnownFileType = sourcecode.swift; path = RefreshErrorType.swift; sourceTree = "<group>"; };
		D6BA71782B500F6200D3FD00 /* LoginSignUpErrorType.swift */ = {isa = PBXFileReference; lastKnownFileType = sourcecode.swift; path = LoginSignUpErrorType.swift; sourceTree = "<group>"; };
		D6BA717F2B52B78900D3FD00 /* WorkSpaceProfileView.swift */ = {isa = PBXFileReference; lastKnownFileType = sourcecode.swift; path = WorkSpaceProfileView.swift; sourceTree = "<group>"; };
		D6BA71822B52E35F00D3FD00 /* WorkSpaceAddViewController.swift */ = {isa = PBXFileReference; lastKnownFileType = sourcecode.swift; path = WorkSpaceAddViewController.swift; sourceTree = "<group>"; };
		D6BA71862B53D82400D3FD00 /* WorkSpaceAddViewModel.swift */ = {isa = PBXFileReference; lastKnownFileType = sourcecode.swift; path = WorkSpaceAddViewModel.swift; sourceTree = "<group>"; };
		D6BA71882B53D91A00D3FD00 /* AddWorkSpaceRequestDTO.swift */ = {isa = PBXFileReference; lastKnownFileType = sourcecode.swift; path = AddWorkSpaceRequestDTO.swift; sourceTree = "<group>"; };
		D6BA718A2B53DB8F00D3FD00 /* AddWorkSpaceResponseDTO.swift */ = {isa = PBXFileReference; lastKnownFileType = sourcecode.swift; path = AddWorkSpaceResponseDTO.swift; sourceTree = "<group>"; };
		D6BA718D2B53DE5C00D3FD00 /* WorkSpaceRepository.swift */ = {isa = PBXFileReference; lastKnownFileType = sourcecode.swift; path = WorkSpaceRepository.swift; sourceTree = "<group>"; };
		D6BA71902B53DF0C00D3FD00 /* DefaultWorkSpaceRepository.swift */ = {isa = PBXFileReference; lastKnownFileType = sourcecode.swift; path = DefaultWorkSpaceRepository.swift; sourceTree = "<group>"; };
		D6BA71932B53E00100D3FD00 /* WorkSpaceUseCase.swift */ = {isa = PBXFileReference; lastKnownFileType = sourcecode.swift; path = WorkSpaceUseCase.swift; sourceTree = "<group>"; };
		D6BA71952B53F37000D3FD00 /* UIImage+Extension.swift */ = {isa = PBXFileReference; lastKnownFileType = sourcecode.swift; path = "UIImage+Extension.swift"; sourceTree = "<group>"; };
		D6BA71972B54014500D3FD00 /* WorkSpaceErrorType.swift */ = {isa = PBXFileReference; lastKnownFileType = sourcecode.swift; path = WorkSpaceErrorType.swift; sourceTree = "<group>"; };
		D6BA719C2B5448F100D3FD00 /* WorkSpaceHomeDefaultViewController.swift */ = {isa = PBXFileReference; lastKnownFileType = sourcecode.swift; path = WorkSpaceHomeDefaultViewController.swift; sourceTree = "<group>"; };
		D6C7A2282B600CFA0007102A /* UIView+Extension.swift */ = {isa = PBXFileReference; lastKnownFileType = sourcecode.swift; path = "UIView+Extension.swift"; sourceTree = "<group>"; };
		D6C7A22A2B602C2A0007102A /* SlideInTransition.swift */ = {isa = PBXFileReference; lastKnownFileType = sourcecode.swift; path = SlideInTransition.swift; sourceTree = "<group>"; };
		D6C7A22D2B6117A70007102A /* TabbarController.swift */ = {isa = PBXFileReference; lastKnownFileType = sourcecode.swift; path = TabbarController.swift; sourceTree = "<group>"; };
		D6C7A22F2B612E8A0007102A /* WorkSpaceListTableViewCell.swift */ = {isa = PBXFileReference; lastKnownFileType = sourcecode.swift; path = WorkSpaceListTableViewCell.swift; sourceTree = "<group>"; };
		D6C7A2312B612EA30007102A /* BaseTableViewCell.swift */ = {isa = PBXFileReference; lastKnownFileType = sourcecode.swift; path = BaseTableViewCell.swift; sourceTree = "<group>"; };
		D6C7A2332B6145170007102A /* CustomFontColorLabel.swift */ = {isa = PBXFileReference; lastKnownFileType = sourcecode.swift; path = CustomFontColorLabel.swift; sourceTree = "<group>"; };
		D6C7A2352B6152430007102A /* ResusableProtocol.swift */ = {isa = PBXFileReference; lastKnownFileType = sourcecode.swift; path = ResusableProtocol.swift; sourceTree = "<group>"; };
		D6DCA3562B57D8C400236EDB /* BaseCollectionViewCell.swift */ = {isa = PBXFileReference; lastKnownFileType = sourcecode.swift; path = BaseCollectionViewCell.swift; sourceTree = "<group>"; };
		D6DCA3592B57D97700236EDB /* IconImageCollectionViewCell.swift */ = {isa = PBXFileReference; lastKnownFileType = sourcecode.swift; path = IconImageCollectionViewCell.swift; sourceTree = "<group>"; };
		D6DCA35D2B584E0200236EDB /* SearchWorkSpacesResponseDTO.swift */ = {isa = PBXFileReference; lastKnownFileType = sourcecode.swift; path = SearchWorkSpacesResponseDTO.swift; sourceTree = "<group>"; };
		D6DCA3602B591DE500236EDB /* MyInfoManager.swift */ = {isa = PBXFileReference; lastKnownFileType = sourcecode.swift; path = MyInfoManager.swift; sourceTree = "<group>"; };
		D6DCA3622B591EFE00236EDB /* MyInfoResponseDTO.swift */ = {isa = PBXFileReference; lastKnownFileType = sourcecode.swift; path = MyInfoResponseDTO.swift; sourceTree = "<group>"; };
		D6DCA3652B596F7B00236EDB /* SplashViewController.swift */ = {isa = PBXFileReference; lastKnownFileType = sourcecode.swift; path = SplashViewController.swift; sourceTree = "<group>"; };
		D6DCA3692B59727100236EDB /* SplashViewModel.swift */ = {isa = PBXFileReference; lastKnownFileType = sourcecode.swift; path = SplashViewModel.swift; sourceTree = "<group>"; };
		D6DCA36B2B5972E700236EDB /* RX+Extension.swift */ = {isa = PBXFileReference; lastKnownFileType = sourcecode.swift; path = "RX+Extension.swift"; sourceTree = "<group>"; };
		D6DCA36F2B59B11400236EDB /* WorkSpaceHomeDefaultViewModel.swift */ = {isa = PBXFileReference; lastKnownFileType = sourcecode.swift; path = WorkSpaceHomeDefaultViewModel.swift; sourceTree = "<group>"; };
		D6DCA3762B59BF7200236EDB /* SearchMyChannelsRequestDTO.swift */ = {isa = PBXFileReference; lastKnownFileType = sourcecode.swift; path = SearchMyChannelsRequestDTO.swift; sourceTree = "<group>"; };
		D6DCA3792B59BFC000236EDB /* SearchMyChannelsResponseDTO.swift */ = {isa = PBXFileReference; lastKnownFileType = sourcecode.swift; path = SearchMyChannelsResponseDTO.swift; sourceTree = "<group>"; };
		D6DCA37B2B5A8A6A00236EDB /* ViewManager.swift */ = {isa = PBXFileReference; lastKnownFileType = sourcecode.swift; path = ViewManager.swift; sourceTree = "<group>"; };
		D6DCA37D2B5A967E00236EDB /* WorkSpaceManager.swift */ = {isa = PBXFileReference; lastKnownFileType = sourcecode.swift; path = WorkSpaceManager.swift; sourceTree = "<group>"; };
		D6DCA37F2B5A9B0800236EDB /* SearchWorkSpaceRequestDTO.swift */ = {isa = PBXFileReference; lastKnownFileType = sourcecode.swift; path = SearchWorkSpaceRequestDTO.swift; sourceTree = "<group>"; };
		D6DCA3812B5A9B5F00236EDB /* SearchWorkSpaceResponseDTO.swift */ = {isa = PBXFileReference; lastKnownFileType = sourcecode.swift; path = SearchWorkSpaceResponseDTO.swift; sourceTree = "<group>"; };
		D6DCA3852B5D2F9600236EDB /* SearchMyWorkSpaceDMRequestDTO.swift */ = {isa = PBXFileReference; lastKnownFileType = sourcecode.swift; path = SearchMyWorkSpaceDMRequestDTO.swift; sourceTree = "<group>"; };
		D6DCA3872B5D2FB500236EDB /* SearchMyWorkSpaceDMResponseDTO.swift */ = {isa = PBXFileReference; lastKnownFileType = sourcecode.swift; path = SearchMyWorkSpaceDMResponseDTO.swift; sourceTree = "<group>"; };
		D6DCA3892B5D419000236EDB /* UIImageView+Extension.swift */ = {isa = PBXFileReference; lastKnownFileType = sourcecode.swift; path = "UIImageView+Extension.swift"; sourceTree = "<group>"; };
		D6DCA38D2B5D741300236EDB /* ChannelRepository.swift */ = {isa = PBXFileReference; lastKnownFileType = sourcecode.swift; path = ChannelRepository.swift; sourceTree = "<group>"; };
		D6DCA38F2B5D746E00236EDB /* DefaultChannelRepository.swift */ = {isa = PBXFileReference; lastKnownFileType = sourcecode.swift; path = DefaultChannelRepository.swift; sourceTree = "<group>"; };
		D6DCA3922B5D74D900236EDB /* ChannelUseCase.swift */ = {isa = PBXFileReference; lastKnownFileType = sourcecode.swift; path = ChannelUseCase.swift; sourceTree = "<group>"; };
		D6DCA3962B5D76AC00236EDB /* DMRepository.swift */ = {isa = PBXFileReference; lastKnownFileType = sourcecode.swift; path = DMRepository.swift; sourceTree = "<group>"; };
		D6DCA3982B5D76EE00236EDB /* DefaultDMRepository.swift */ = {isa = PBXFileReference; lastKnownFileType = sourcecode.swift; path = DefaultDMRepository.swift; sourceTree = "<group>"; };
		D6DCA39B2B5D779B00236EDB /* DMUseCase.swift */ = {isa = PBXFileReference; lastKnownFileType = sourcecode.swift; path = DMUseCase.swift; sourceTree = "<group>"; };
/* End PBXFileReference section */

/* Begin PBXFrameworksBuildPhase section */
		D654CA122B4435600054AD46 /* Frameworks */ = {
			isa = PBXFrameworksBuildPhase;
			buildActionMask = 2147483647;
			files = (
				D654CA682B45A7F90054AD46 /* RxCocoa in Frameworks */,
				D654CA5A2B45A7790054AD46 /* RxKakaoSDKCommon in Frameworks */,
				D654CA6A2B45A7F90054AD46 /* RxSwift in Frameworks */,
				D654CA582B45A7790054AD46 /* RxKakaoSDKAuth in Frameworks */,
				D654CA532B45A6B00054AD46 /* SnapKit in Frameworks */,
				D654CA5F2B45A7A30054AD46 /* Alamofire in Frameworks */,
				D654CA652B45A7BF0054AD46 /* Kingfisher in Frameworks */,
				D654CA5C2B45A7790054AD46 /* RxKakaoSDKUser in Frameworks */,
				D654CA622B45A7AF0054AD46 /* Toast in Frameworks */,
				D616D2A92B4C06860012CFC5 /* IQKeyboardManagerSwift in Frameworks */,
				D654CA562B45A7790054AD46 /* RxKakaoSDK in Frameworks */,
			);
			runOnlyForDeploymentPostprocessing = 0;
		};
		D654CA282B4435610054AD46 /* Frameworks */ = {
			isa = PBXFrameworksBuildPhase;
			buildActionMask = 2147483647;
			files = (
			);
			runOnlyForDeploymentPostprocessing = 0;
		};
		D654CA322B4435610054AD46 /* Frameworks */ = {
			isa = PBXFrameworksBuildPhase;
			buildActionMask = 2147483647;
			files = (
			);
			runOnlyForDeploymentPostprocessing = 0;
		};
/* End PBXFrameworksBuildPhase section */

/* Begin PBXGroup section */
		D616D2682B48335E0012CFC5 /* SignUp */ = {
			isa = PBXGroup;
			children = (
				D616D2972B487FDE0012CFC5 /* ViewModel */,
				D654CA812B4709E00054AD46 /* View */,
				D616D2AA2B4C09FF0012CFC5 /* SignUpTextFieldType.swift */,
			);
			path = SignUp;
			sourceTree = "<group>";
		};
		D616D26F2B4841720012CFC5 /* TextField */ = {
			isa = PBXGroup;
			children = (
				D616D2712B48419B0012CFC5 /* CustomPlaceHolderTextField.swift */,
			);
			path = TextField;
			sourceTree = "<group>";
		};
		D616D2702B48417C0012CFC5 /* Label */ = {
			isa = PBXGroup;
			children = (
				D6C7A2332B6145170007102A /* CustomFontColorLabel.swift */,
			);
			path = Label;
			sourceTree = "<group>";
		};
		D616D2752B4854000012CFC5 /* Data */ = {
			isa = PBXGroup;
			children = (
				D616D28E2B487B620012CFC5 /* Repository */,
				D616D2762B4854100012CFC5 /* Network */,
			);
			path = Data;
			sourceTree = "<group>";
		};
		D616D2762B4854100012CFC5 /* Network */ = {
			isa = PBXGroup;
			children = (
				D616D2792B4856730012CFC5 /* DTO */,
				D616D2842B4862E00012CFC5 /* Error */,
				D616D2772B48546C0012CFC5 /* Router.swift */,
				D616D27E2B48570F0012CFC5 /* NetWorkManager.swift */,
				D6BA71722B4FEC8600D3FD00 /* Interceptor.swift */,
			);
			path = Network;
			sourceTree = "<group>";
		};
		D616D2792B4856730012CFC5 /* DTO */ = {
			isa = PBXGroup;
			children = (
				D616D27B2B4856980012CFC5 /* Response */,
				D616D27A2B4856900012CFC5 /* Request */,
			);
			path = DTO;
			sourceTree = "<group>";
		};
		D616D27A2B4856900012CFC5 /* Request */ = {
			isa = PBXGroup;
			children = (
				D6DCA3842B5D2F6B00236EDB /* DM */,
				D6DCA3752B59BF4100236EDB /* Channels */,
				D6DCA3742B59BE2E00236EDB /* WorkSpace */,
				D6DCA3722B59B87300236EDB /* User */,
			);
			path = Request;
			sourceTree = "<group>";
		};
		D616D27B2B4856980012CFC5 /* Response */ = {
			isa = PBXGroup;
			children = (
				D6DCA3832B5D2F6700236EDB /* DM */,
				D6DCA3782B59BF7600236EDB /* Channels */,
				D6DCA3732B59B88800236EDB /* WorkSpace */,
				D6DCA3712B59B85100236EDB /* User */,
			);
			path = Response;
			sourceTree = "<group>";
		};
		D616D2842B4862E00012CFC5 /* Error */ = {
			isa = PBXGroup;
			children = (
				D616D2822B4862BF0012CFC5 /* NetWorkErrorType.swift */,
				D616D2852B4863020012CFC5 /* ResponseErrorDTO.swift */,
				D6BA71762B4FEEEA00D3FD00 /* RefreshErrorType.swift */,
				D6BA71782B500F6200D3FD00 /* LoginSignUpErrorType.swift */,
				D6BA71972B54014500D3FD00 /* WorkSpaceErrorType.swift */,
			);
			path = Error;
			sourceTree = "<group>";
		};
		D616D2892B48792C0012CFC5 /* Domain */ = {
			isa = PBXGroup;
			children = (
				D616D2922B487CFC0012CFC5 /* UseCase */,
				D616D28A2B4879330012CFC5 /* RepositoryInterface */,
			);
			path = Domain;
			sourceTree = "<group>";
		};
		D616D28A2B4879330012CFC5 /* RepositoryInterface */ = {
			isa = PBXGroup;
			children = (
				D6DCA3952B5D769F00236EDB /* DM */,
				D6DCA38B2B5D738900236EDB /* Channel */,
				D6BA718C2B53DE4300D3FD00 /* WorkSpace */,
				D6BA71532B4E918200D3FD00 /* Login */,
				D616D28B2B48794E0012CFC5 /* Sign */,
			);
			path = RepositoryInterface;
			sourceTree = "<group>";
		};
		D616D28B2B48794E0012CFC5 /* Sign */ = {
			isa = PBXGroup;
			children = (
				D616D28C2B48797B0012CFC5 /* SignRepository.swift */,
			);
			path = Sign;
			sourceTree = "<group>";
		};
		D616D28E2B487B620012CFC5 /* Repository */ = {
			isa = PBXGroup;
			children = (
				D6DCA3942B5D769800236EDB /* DM */,
				D6DCA38C2B5D73FF00236EDB /* Channel */,
				D6BA718F2B53DEFC00D3FD00 /* WorkSpace */,
				D6BA71542B4E918E00D3FD00 /* Login */,
				D616D28F2B487B700012CFC5 /* Sign */,
			);
			path = Repository;
			sourceTree = "<group>";
		};
		D616D28F2B487B700012CFC5 /* Sign */ = {
			isa = PBXGroup;
			children = (
				D616D2902B487BB30012CFC5 /* DefaultSignRepository.swift */,
			);
			path = Sign;
			sourceTree = "<group>";
		};
		D616D2922B487CFC0012CFC5 /* UseCase */ = {
			isa = PBXGroup;
			children = (
				D6DCA39A2B5D779000236EDB /* DM */,
				D6DCA3912B5D74CD00236EDB /* Channel */,
				D6BA71922B53DFE200D3FD00 /* WorkSpace */,
				D6BA71572B4E91FF00D3FD00 /* Login */,
				D616D2932B487D0C0012CFC5 /* Sign */,
			);
			path = UseCase;
			sourceTree = "<group>";
		};
		D616D2932B487D0C0012CFC5 /* Sign */ = {
			isa = PBXGroup;
			children = (
				D616D2942B487D2E0012CFC5 /* SignUseCase.swift */,
			);
			path = Sign;
			sourceTree = "<group>";
		};
		D616D2962B487F9F0012CFC5 /* Presentation */ = {
			isa = PBXGroup;
			children = (
				D6DCA3642B596F4F00236EDB /* Splash */,
				D616D2A22B4BE5500012CFC5 /* WorkSpace */,
				D616D2682B48335E0012CFC5 /* SignUp */,
				D654CA832B470B9C0054AD46 /* Auth */,
				D654CA822B470B790054AD46 /* OnBoarding */,
			);
			path = Presentation;
			sourceTree = "<group>";
		};
		D616D2972B487FDE0012CFC5 /* ViewModel */ = {
			isa = PBXGroup;
			children = (
				D616D2982B487FF10012CFC5 /* SignUpViewModel.swift */,
			);
			path = ViewModel;
			sourceTree = "<group>";
		};
		D616D2A22B4BE5500012CFC5 /* WorkSpace */ = {
			isa = PBXGroup;
			children = (
				D69D46492B5ED1190044C756 /* List */,
				D6BA715A2B4EC0F700D3FD00 /* Home */,
				D6BA71812B52E34800D3FD00 /* Add */,
				D616D2A32B4BE5780012CFC5 /* Init */,
			);
			path = WorkSpace;
			sourceTree = "<group>";
		};
		D616D2A32B4BE5780012CFC5 /* Init */ = {
			isa = PBXGroup;
			children = (
				D616D2A42B4BE5870012CFC5 /* View */,
			);
			path = Init;
			sourceTree = "<group>";
		};
		D616D2A42B4BE5870012CFC5 /* View */ = {
			isa = PBXGroup;
			children = (
				D616D2A52B4BE59F0012CFC5 /* WorkSpaceInitViewController.swift */,
			);
			path = View;
			sourceTree = "<group>";
		};
		D654CA0C2B4435600054AD46 = {
			isa = PBXGroup;
			children = (
				D654CA172B4435600054AD46 /* SeSacSlack */,
				D654CA2E2B4435610054AD46 /* SeSacSlackTests */,
				D654CA382B4435610054AD46 /* SeSacSlackUITests */,
				D654CA162B4435600054AD46 /* Products */,
			);
			sourceTree = "<group>";
		};
		D654CA162B4435600054AD46 /* Products */ = {
			isa = PBXGroup;
			children = (
				D654CA152B4435600054AD46 /* SeSacSlack.app */,
				D654CA2B2B4435610054AD46 /* SeSacSlackTests.xctest */,
				D654CA352B4435610054AD46 /* SeSacSlackUITests.xctest */,
			);
			name = Products;
			sourceTree = "<group>";
		};
		D654CA172B4435600054AD46 /* SeSacSlack */ = {
			isa = PBXGroup;
			children = (
				D6BA71612B4ED7E400D3FD00 /* SeSacSlack.entitlements */,
				D616D2962B487F9F0012CFC5 /* Presentation */,
				D616D2892B48792C0012CFC5 /* Domain */,
				D616D2752B4854000012CFC5 /* Data */,
				D654CA702B463C010054AD46 /* Common */,
				D654CA182B4435600054AD46 /* AppDelegate.swift */,
				D654CA1A2B4435600054AD46 /* SceneDelegate.swift */,
				D654CA212B4435610054AD46 /* Assets.xcassets */,
				D654CA232B4435610054AD46 /* LaunchScreen.storyboard */,
				D654CA262B4435610054AD46 /* Info.plist */,
				D654CA4C2B459A910054AD46 /* .gitIgnore */,
				D654CA4E2B459FC00054AD46 /* Config.xcconfig */,
				D654CA4F2B459FCA0054AD46 /* APIKey.swift */,
			);
			path = SeSacSlack;
			sourceTree = "<group>";
		};
		D654CA2E2B4435610054AD46 /* SeSacSlackTests */ = {
			isa = PBXGroup;
			children = (
				D654CA2F2B4435610054AD46 /* SeSacSlackTests.swift */,
			);
			path = SeSacSlackTests;
			sourceTree = "<group>";
		};
		D654CA382B4435610054AD46 /* SeSacSlackUITests */ = {
			isa = PBXGroup;
			children = (
				D654CA392B4435610054AD46 /* SeSacSlackUITests.swift */,
				D654CA3B2B4435610054AD46 /* SeSacSlackUITestsLaunchTests.swift */,
			);
			path = SeSacSlackUITests;
			sourceTree = "<group>";
		};
		D654CA6B2B45AD220054AD46 /* Util */ = {
			isa = PBXGroup;
			children = (
				D654CA6C2B45B3A00054AD46 /* Color.swift */,
				D654CA6E2B45C1390054AD46 /* Font.swift */,
				D654CA742B46C2100054AD46 /* Icon.swift */,
				D654CA762B46CC0F0054AD46 /* SF-Pro.ttf */,
				D6C7A2352B6152430007102A /* ResusableProtocol.swift */,
			);
			path = Util;
			sourceTree = "<group>";
		};
		D654CA702B463C010054AD46 /* Common */ = {
			isa = PBXGroup;
			children = (
				D6DCA35F2B591DAE00236EDB /* Service */,
				D654CA7E2B46FDC50054AD46 /* Base */,
				D654CA7A2B46DAE80054AD46 /* Component */,
				D654CA712B463C140054AD46 /* Extension */,
				D654CA6B2B45AD220054AD46 /* Util */,
			);
			path = Common;
			sourceTree = "<group>";
		};
		D654CA712B463C140054AD46 /* Extension */ = {
			isa = PBXGroup;
			children = (
				D654CA722B463C210054AD46 /* UIColor+Extension.swift */,
				D616D29A2B4AAB750012CFC5 /* String+Extension.swift */,
				D6BA71952B53F37000D3FD00 /* UIImage+Extension.swift */,
				D6DCA36B2B5972E700236EDB /* RX+Extension.swift */,
				D6DCA3892B5D419000236EDB /* UIImageView+Extension.swift */,
				D6C7A2282B600CFA0007102A /* UIView+Extension.swift */,
			);
			path = Extension;
			sourceTree = "<group>";
		};
		D654CA7A2B46DAE80054AD46 /* Component */ = {
			isa = PBXGroup;
			children = (
				D6DCA3582B57D91C00236EDB /* Cell */,
				D6BA717E2B52B77B00D3FD00 /* View */,
				D616D2702B48417C0012CFC5 /* Label */,
				D616D26F2B4841720012CFC5 /* TextField */,
				D654CA7B2B46DB490054AD46 /* Button */,
			);
			path = Component;
			sourceTree = "<group>";
		};
		D654CA7B2B46DB490054AD46 /* Button */ = {
			isa = PBXGroup;
			children = (
				D654CA7C2B46DB780054AD46 /* CustomBackgroundTitleWhiteLabelButton.swift */,
				D654CA862B470D450054AD46 /* SNSLoginButton.swift */,
			);
			path = Button;
			sourceTree = "<group>";
		};
		D654CA7E2B46FDC50054AD46 /* Base */ = {
			isa = PBXGroup;
			children = (
				D654CA7F2B46FDD60054AD46 /* BaseViewController.swift */,
				D616D26D2B4833E00012CFC5 /* BaseView.swift */,
				D6DCA3562B57D8C400236EDB /* BaseCollectionViewCell.swift */,
				D6C7A2312B612EA30007102A /* BaseTableViewCell.swift */,
			);
			path = Base;
			sourceTree = "<group>";
		};
		D654CA812B4709E00054AD46 /* View */ = {
			isa = PBXGroup;
			children = (
				D616D2692B4833820012CFC5 /* SignUpView.swift */,
				D616D26B2B48338D0012CFC5 /* SignUpViewController.swift */,
			);
			path = View;
			sourceTree = "<group>";
		};
		D654CA822B470B790054AD46 /* OnBoarding */ = {
			isa = PBXGroup;
			children = (
				D654CA1C2B4435600054AD46 /* OnBoardingViewController.swift */,
			);
			path = OnBoarding;
			sourceTree = "<group>";
		};
		D654CA832B470B9C0054AD46 /* Auth */ = {
			isa = PBXGroup;
			children = (
				D6BA71652B4EE1BB00D3FD00 /* SNS */,
				D6BA71642B4EE1B300D3FD00 /* Email */,
			);
			path = Auth;
			sourceTree = "<group>";
		};
		D69D46492B5ED1190044C756 /* List */ = {
			isa = PBXGroup;
			children = (
				D69D464B2B5ED1290044C756 /* ViewModel */,
				D69D464A2B5ED1240044C756 /* View */,
			);
			path = List;
			sourceTree = "<group>";
		};
		D69D464A2B5ED1240044C756 /* View */ = {
			isa = PBXGroup;
			children = (
				D69D464C2B5ED1490044C756 /* WorkspaceListEmptyView.swift */,
				D69D464E2B5FD8300044C756 /* WorkSpaceListViewController.swift */,
				D69D46502B5FD8D20044C756 /* WorkSpaceListView.swift */,
			);
			path = View;
			sourceTree = "<group>";
		};
		D69D464B2B5ED1290044C756 /* ViewModel */ = {
			isa = PBXGroup;
			children = (
			);
			path = ViewModel;
			sourceTree = "<group>";
		};
		D6BA71532B4E918200D3FD00 /* Login */ = {
			isa = PBXGroup;
			children = (
				D6BA71512B4E90F100D3FD00 /* LoginRespository.swift */,
			);
			path = Login;
			sourceTree = "<group>";
		};
		D6BA71542B4E918E00D3FD00 /* Login */ = {
			isa = PBXGroup;
			children = (
				D6BA71552B4E919B00D3FD00 /* DefaultLoginRepository.swift */,
			);
			path = Login;
			sourceTree = "<group>";
		};
		D6BA71572B4E91FF00D3FD00 /* Login */ = {
			isa = PBXGroup;
			children = (
				D6BA71582B4E920E00D3FD00 /* LoginUseCase.swift */,
			);
			path = Login;
			sourceTree = "<group>";
		};
		D6BA715A2B4EC0F700D3FD00 /* Home */ = {
			isa = PBXGroup;
			children = (
				D6C7A22C2B6117990007102A /* Tabbar */,
				D6BA719B2B54489500D3FD00 /* Default */,
				D6BA71992B54346600D3FD00 /* Empty */,
			);
			path = Home;
			sourceTree = "<group>";
		};
		D6BA71622B4EDA3400D3FD00 /* View */ = {
			isa = PBXGroup;
			children = (
				D654CA842B470CDF0054AD46 /* AuthViewController.swift */,
			);
			path = View;
			sourceTree = "<group>";
		};
		D6BA71632B4EDA3900D3FD00 /* ViewModel */ = {
			isa = PBXGroup;
			children = (
				D6BA71492B4C583600D3FD00 /* AuthViewModel.swift */,
			);
			path = ViewModel;
			sourceTree = "<group>";
		};
		D6BA71642B4EE1B300D3FD00 /* Email */ = {
			isa = PBXGroup;
			children = (
				D6BA71672B4EE20300D3FD00 /* ViewModel */,
				D6BA71662B4EE1FC00D3FD00 /* View */,
				D6BA716C2B4EEF2200D3FD00 /* LoginErrorTextFieldType.swift */,
			);
			path = Email;
			sourceTree = "<group>";
		};
		D6BA71652B4EE1BB00D3FD00 /* SNS */ = {
			isa = PBXGroup;
			children = (
				D6BA71632B4EDA3900D3FD00 /* ViewModel */,
				D6BA71622B4EDA3400D3FD00 /* View */,
			);
			path = SNS;
			sourceTree = "<group>";
		};
		D6BA71662B4EE1FC00D3FD00 /* View */ = {
			isa = PBXGroup;
			children = (
				D6BA716A2B4EE3EA00D3FD00 /* EmailLoginViewController.swift */,
			);
			path = View;
			sourceTree = "<group>";
		};
		D6BA71672B4EE20300D3FD00 /* ViewModel */ = {
			isa = PBXGroup;
			children = (
				D6BA71682B4EE3DF00D3FD00 /* EmailLoginViewModel.swift */,
			);
			path = ViewModel;
			sourceTree = "<group>";
		};
		D6BA717E2B52B77B00D3FD00 /* View */ = {
			isa = PBXGroup;
			children = (
				D6BA717F2B52B78900D3FD00 /* WorkSpaceProfileView.swift */,
			);
			path = View;
			sourceTree = "<group>";
		};
		D6BA71812B52E34800D3FD00 /* Add */ = {
			isa = PBXGroup;
			children = (
				D6BA71852B53D81500D3FD00 /* ViewModel */,
				D6BA71842B53D80C00D3FD00 /* View */,
			);
			path = Add;
			sourceTree = "<group>";
		};
		D6BA71842B53D80C00D3FD00 /* View */ = {
			isa = PBXGroup;
			children = (
				D6BA71822B52E35F00D3FD00 /* WorkSpaceAddViewController.swift */,
			);
			path = View;
			sourceTree = "<group>";
		};
		D6BA71852B53D81500D3FD00 /* ViewModel */ = {
			isa = PBXGroup;
			children = (
				D6BA71862B53D82400D3FD00 /* WorkSpaceAddViewModel.swift */,
			);
			path = ViewModel;
			sourceTree = "<group>";
		};
		D6BA718C2B53DE4300D3FD00 /* WorkSpace */ = {
			isa = PBXGroup;
			children = (
				D6BA718D2B53DE5C00D3FD00 /* WorkSpaceRepository.swift */,
			);
			path = WorkSpace;
			sourceTree = "<group>";
		};
		D6BA718F2B53DEFC00D3FD00 /* WorkSpace */ = {
			isa = PBXGroup;
			children = (
				D6BA71902B53DF0C00D3FD00 /* DefaultWorkSpaceRepository.swift */,
			);
			path = WorkSpace;
			sourceTree = "<group>";
		};
		D6BA71922B53DFE200D3FD00 /* WorkSpace */ = {
			isa = PBXGroup;
			children = (
				D6BA71932B53E00100D3FD00 /* WorkSpaceUseCase.swift */,
			);
			path = WorkSpace;
			sourceTree = "<group>";
		};
		D6BA71992B54346600D3FD00 /* Empty */ = {
			isa = PBXGroup;
			children = (
				D6BA715B2B4EC11D00D3FD00 /* WorkSpaceHomeEmptyViewController.swift */,
			);
			path = Empty;
			sourceTree = "<group>";
		};
		D6BA719B2B54489500D3FD00 /* Default */ = {
			isa = PBXGroup;
			children = (
				D6DCA36E2B59B0F600236EDB /* ViewModel */,
				D6DCA36D2B59B0EA00236EDB /* View */,
			);
			path = Default;
			sourceTree = "<group>";
		};
		D6C7A22C2B6117990007102A /* Tabbar */ = {
			isa = PBXGroup;
			children = (
				D6C7A22D2B6117A70007102A /* TabbarController.swift */,
			);
			path = Tabbar;
			sourceTree = "<group>";
		};
		D6DCA3582B57D91C00236EDB /* Cell */ = {
			isa = PBXGroup;
			children = (
				D6DCA3592B57D97700236EDB /* IconImageCollectionViewCell.swift */,
				D6C7A22F2B612E8A0007102A /* WorkSpaceListTableViewCell.swift */,
			);
			path = Cell;
			sourceTree = "<group>";
		};
		D6DCA35F2B591DAE00236EDB /* Service */ = {
			isa = PBXGroup;
			children = (
				D6DCA3602B591DE500236EDB /* MyInfoManager.swift */,
				D6DCA37B2B5A8A6A00236EDB /* ViewManager.swift */,
				D6DCA37D2B5A967E00236EDB /* WorkSpaceManager.swift */,
				D616D2A02B4BE2830012CFC5 /* UserDefaultsManager.swift */,
				D6C7A22A2B602C2A0007102A /* SlideInTransition.swift */,
			);
			path = Service;
			sourceTree = "<group>";
		};
		D6DCA3642B596F4F00236EDB /* Splash */ = {
			isa = PBXGroup;
			children = (
				D6DCA3682B59726100236EDB /* ViewModel */,
				D6DCA3672B59725A00236EDB /* View */,
			);
			path = Splash;
			sourceTree = "<group>";
		};
		D6DCA3672B59725A00236EDB /* View */ = {
			isa = PBXGroup;
			children = (
				D6DCA3652B596F7B00236EDB /* SplashViewController.swift */,
			);
			path = View;
			sourceTree = "<group>";
		};
		D6DCA3682B59726100236EDB /* ViewModel */ = {
			isa = PBXGroup;
			children = (
				D6DCA3692B59727100236EDB /* SplashViewModel.swift */,
			);
			path = ViewModel;
			sourceTree = "<group>";
		};
		D6DCA36D2B59B0EA00236EDB /* View */ = {
			isa = PBXGroup;
			children = (
				D6BA719C2B5448F100D3FD00 /* WorkSpaceHomeDefaultViewController.swift */,
			);
			path = View;
			sourceTree = "<group>";
		};
		D6DCA36E2B59B0F600236EDB /* ViewModel */ = {
			isa = PBXGroup;
			children = (
				D6DCA36F2B59B11400236EDB /* WorkSpaceHomeDefaultViewModel.swift */,
			);
			path = ViewModel;
			sourceTree = "<group>";
		};
		D6DCA3712B59B85100236EDB /* User */ = {
			isa = PBXGroup;
			children = (
				D616D2872B4864A60012CFC5 /* EmailValidationResponseDTO.swift */,
				D616D29E2B4B1F4E0012CFC5 /* SignUpResponseDTO.swift */,
				D6BA714D2B4D838D00D3FD00 /* KakaoResponseDTO.swift */,
				D6BA714F2B4D83BA00D3FD00 /* TokenResponseDTO.swift */,
				D6BA715F2B4EC53600D3FD00 /* AppleLoginResponseDTO.swift */,
				D6BA71702B4EFED000D3FD00 /* EmailLoginResponseDTO.swift */,
				D6BA71742B4FEEB900D3FD00 /* RefreshTokenResponseDTO.swift */,
				D6DCA3622B591EFE00236EDB /* MyInfoResponseDTO.swift */,
			);
			path = User;
			sourceTree = "<group>";
		};
		D6DCA3722B59B87300236EDB /* User */ = {
			isa = PBXGroup;
			children = (
				D616D27C2B4856A80012CFC5 /* EmailValidationRequestDTO.swift */,
				D616D29C2B4B12200012CFC5 /* SignUpRequestDTO.swift */,
				D6BA714B2B4D835700D3FD00 /* KakaoLoginRequestDTO.swift */,
				D6BA715D2B4EC4B300D3FD00 /* AppleLoginRequestDTO.swift */,
				D6BA716E2B4EFDCB00D3FD00 /* EmailLoginRequestDTO.swift */,
			);
			path = User;
			sourceTree = "<group>";
		};
		D6DCA3732B59B88800236EDB /* WorkSpace */ = {
			isa = PBXGroup;
			children = (
				D6BA718A2B53DB8F00D3FD00 /* AddWorkSpaceResponseDTO.swift */,
				D6DCA35D2B584E0200236EDB /* SearchWorkSpacesResponseDTO.swift */,
				D6DCA3812B5A9B5F00236EDB /* SearchWorkSpaceResponseDTO.swift */,
			);
			path = WorkSpace;
			sourceTree = "<group>";
		};
		D6DCA3742B59BE2E00236EDB /* WorkSpace */ = {
			isa = PBXGroup;
			children = (
				D6BA71882B53D91A00D3FD00 /* AddWorkSpaceRequestDTO.swift */,
				D6DCA37F2B5A9B0800236EDB /* SearchWorkSpaceRequestDTO.swift */,
			);
			path = WorkSpace;
			sourceTree = "<group>";
		};
		D6DCA3752B59BF4100236EDB /* Channels */ = {
			isa = PBXGroup;
			children = (
				D6DCA3762B59BF7200236EDB /* SearchMyChannelsRequestDTO.swift */,
			);
			path = Channels;
			sourceTree = "<group>";
		};
		D6DCA3782B59BF7600236EDB /* Channels */ = {
			isa = PBXGroup;
			children = (
				D6DCA3792B59BFC000236EDB /* SearchMyChannelsResponseDTO.swift */,
			);
			path = Channels;
			sourceTree = "<group>";
		};
		D6DCA3832B5D2F6700236EDB /* DM */ = {
			isa = PBXGroup;
			children = (
				D6DCA3872B5D2FB500236EDB /* SearchMyWorkSpaceDMResponseDTO.swift */,
			);
			path = DM;
			sourceTree = "<group>";
		};
		D6DCA3842B5D2F6B00236EDB /* DM */ = {
			isa = PBXGroup;
			children = (
				D6DCA3852B5D2F9600236EDB /* SearchMyWorkSpaceDMRequestDTO.swift */,
			);
			path = DM;
			sourceTree = "<group>";
		};
		D6DCA38B2B5D738900236EDB /* Channel */ = {
			isa = PBXGroup;
			children = (
				D6DCA38D2B5D741300236EDB /* ChannelRepository.swift */,
			);
			path = Channel;
			sourceTree = "<group>";
		};
		D6DCA38C2B5D73FF00236EDB /* Channel */ = {
			isa = PBXGroup;
			children = (
				D6DCA38F2B5D746E00236EDB /* DefaultChannelRepository.swift */,
			);
			path = Channel;
			sourceTree = "<group>";
		};
		D6DCA3912B5D74CD00236EDB /* Channel */ = {
			isa = PBXGroup;
			children = (
				D6DCA3922B5D74D900236EDB /* ChannelUseCase.swift */,
			);
			path = Channel;
			sourceTree = "<group>";
		};
		D6DCA3942B5D769800236EDB /* DM */ = {
			isa = PBXGroup;
			children = (
				D6DCA3982B5D76EE00236EDB /* DefaultDMRepository.swift */,
			);
			path = DM;
			sourceTree = "<group>";
		};
		D6DCA3952B5D769F00236EDB /* DM */ = {
			isa = PBXGroup;
			children = (
				D6DCA3962B5D76AC00236EDB /* DMRepository.swift */,
			);
			path = DM;
			sourceTree = "<group>";
		};
		D6DCA39A2B5D779000236EDB /* DM */ = {
			isa = PBXGroup;
			children = (
				D6DCA39B2B5D779B00236EDB /* DMUseCase.swift */,
			);
			path = DM;
			sourceTree = "<group>";
		};
/* End PBXGroup section */

/* Begin PBXNativeTarget section */
		D654CA142B4435600054AD46 /* SeSacSlack */ = {
			isa = PBXNativeTarget;
			buildConfigurationList = D654CA3F2B4435610054AD46 /* Build configuration list for PBXNativeTarget "SeSacSlack" */;
			buildPhases = (
				D654CA112B4435600054AD46 /* Sources */,
				D654CA122B4435600054AD46 /* Frameworks */,
				D654CA132B4435600054AD46 /* Resources */,
			);
			buildRules = (
			);
			dependencies = (
			);
			name = SeSacSlack;
			packageProductDependencies = (
				D654CA522B45A6B00054AD46 /* SnapKit */,
				D654CA552B45A7790054AD46 /* RxKakaoSDK */,
				D654CA572B45A7790054AD46 /* RxKakaoSDKAuth */,
				D654CA592B45A7790054AD46 /* RxKakaoSDKCommon */,
				D654CA5B2B45A7790054AD46 /* RxKakaoSDKUser */,
				D654CA5E2B45A7A30054AD46 /* Alamofire */,
				D654CA612B45A7AF0054AD46 /* Toast */,
				D654CA642B45A7BF0054AD46 /* Kingfisher */,
				D654CA672B45A7F90054AD46 /* RxCocoa */,
				D654CA692B45A7F90054AD46 /* RxSwift */,
				D616D2A82B4C06860012CFC5 /* IQKeyboardManagerSwift */,
			);
			productName = SeSacSlack;
			productReference = D654CA152B4435600054AD46 /* SeSacSlack.app */;
			productType = "com.apple.product-type.application";
		};
		D654CA2A2B4435610054AD46 /* SeSacSlackTests */ = {
			isa = PBXNativeTarget;
			buildConfigurationList = D654CA422B4435610054AD46 /* Build configuration list for PBXNativeTarget "SeSacSlackTests" */;
			buildPhases = (
				D654CA272B4435610054AD46 /* Sources */,
				D654CA282B4435610054AD46 /* Frameworks */,
				D654CA292B4435610054AD46 /* Resources */,
			);
			buildRules = (
			);
			dependencies = (
				D654CA2D2B4435610054AD46 /* PBXTargetDependency */,
			);
			name = SeSacSlackTests;
			productName = SeSacSlackTests;
			productReference = D654CA2B2B4435610054AD46 /* SeSacSlackTests.xctest */;
			productType = "com.apple.product-type.bundle.unit-test";
		};
		D654CA342B4435610054AD46 /* SeSacSlackUITests */ = {
			isa = PBXNativeTarget;
			buildConfigurationList = D654CA452B4435610054AD46 /* Build configuration list for PBXNativeTarget "SeSacSlackUITests" */;
			buildPhases = (
				D654CA312B4435610054AD46 /* Sources */,
				D654CA322B4435610054AD46 /* Frameworks */,
				D654CA332B4435610054AD46 /* Resources */,
			);
			buildRules = (
			);
			dependencies = (
				D654CA372B4435610054AD46 /* PBXTargetDependency */,
			);
			name = SeSacSlackUITests;
			productName = SeSacSlackUITests;
			productReference = D654CA352B4435610054AD46 /* SeSacSlackUITests.xctest */;
			productType = "com.apple.product-type.bundle.ui-testing";
		};
/* End PBXNativeTarget section */

/* Begin PBXProject section */
		D654CA0D2B4435600054AD46 /* Project object */ = {
			isa = PBXProject;
			attributes = {
				BuildIndependentTargetsInParallel = 1;
				LastSwiftUpdateCheck = 1500;
				LastUpgradeCheck = 1500;
				TargetAttributes = {
					D654CA142B4435600054AD46 = {
						CreatedOnToolsVersion = 15.0.1;
					};
					D654CA2A2B4435610054AD46 = {
						CreatedOnToolsVersion = 15.0.1;
						TestTargetID = D654CA142B4435600054AD46;
					};
					D654CA342B4435610054AD46 = {
						CreatedOnToolsVersion = 15.0.1;
						TestTargetID = D654CA142B4435600054AD46;
					};
				};
			};
			buildConfigurationList = D654CA102B4435600054AD46 /* Build configuration list for PBXProject "SeSacSlack" */;
			compatibilityVersion = "Xcode 14.0";
			developmentRegion = en;
			hasScannedForEncodings = 0;
			knownRegions = (
				en,
				Base,
			);
			mainGroup = D654CA0C2B4435600054AD46;
			packageReferences = (
				D654CA512B45A6B00054AD46 /* XCRemoteSwiftPackageReference "SnapKit" */,
				D654CA542B45A7790054AD46 /* XCRemoteSwiftPackageReference "kakao-ios-sdk-rx" */,
				D654CA5D2B45A7A30054AD46 /* XCRemoteSwiftPackageReference "Alamofire" */,
				D654CA602B45A7AF0054AD46 /* XCRemoteSwiftPackageReference "Toast-Swift" */,
				D654CA632B45A7BF0054AD46 /* XCRemoteSwiftPackageReference "Kingfisher" */,
				D654CA662B45A7F90054AD46 /* XCRemoteSwiftPackageReference "RxSwift" */,
				D616D2A72B4C06860012CFC5 /* XCRemoteSwiftPackageReference "IQKeyboardManager" */,
			);
			productRefGroup = D654CA162B4435600054AD46 /* Products */;
			projectDirPath = "";
			projectRoot = "";
			targets = (
				D654CA142B4435600054AD46 /* SeSacSlack */,
				D654CA2A2B4435610054AD46 /* SeSacSlackTests */,
				D654CA342B4435610054AD46 /* SeSacSlackUITests */,
			);
		};
/* End PBXProject section */

/* Begin PBXResourcesBuildPhase section */
		D654CA132B4435600054AD46 /* Resources */ = {
			isa = PBXResourcesBuildPhase;
			buildActionMask = 2147483647;
			files = (
				D654CA252B4435610054AD46 /* LaunchScreen.storyboard in Resources */,
				D654CA782B46CC0F0054AD46 /* SF-Pro.ttf in Resources */,
				D654CA222B4435610054AD46 /* Assets.xcassets in Resources */,
				D654CA4D2B459A910054AD46 /* .gitIgnore in Resources */,
			);
			runOnlyForDeploymentPostprocessing = 0;
		};
		D654CA292B4435610054AD46 /* Resources */ = {
			isa = PBXResourcesBuildPhase;
			buildActionMask = 2147483647;
			files = (
			);
			runOnlyForDeploymentPostprocessing = 0;
		};
		D654CA332B4435610054AD46 /* Resources */ = {
			isa = PBXResourcesBuildPhase;
			buildActionMask = 2147483647;
			files = (
			);
			runOnlyForDeploymentPostprocessing = 0;
		};
/* End PBXResourcesBuildPhase section */

/* Begin PBXSourcesBuildPhase section */
		D654CA112B4435600054AD46 /* Sources */ = {
			isa = PBXSourcesBuildPhase;
			buildActionMask = 2147483647;
			files = (
				D616D27F2B48570F0012CFC5 /* NetWorkManager.swift in Sources */,
				D616D29D2B4B12200012CFC5 /* SignUpRequestDTO.swift in Sources */,
				D6DCA3882B5D2FB500236EDB /* SearchMyWorkSpaceDMResponseDTO.swift in Sources */,
				D6BA71942B53E00100D3FD00 /* WorkSpaceUseCase.swift in Sources */,
				D6DCA3772B59BF7200236EDB /* SearchMyChannelsRequestDTO.swift in Sources */,
				D654CA872B470D450054AD46 /* SNSLoginButton.swift in Sources */,
				D6DCA35A2B57D97700236EDB /* IconImageCollectionViewCell.swift in Sources */,
				D616D2AB2B4C09FF0012CFC5 /* SignUpTextFieldType.swift in Sources */,
				D6BA71872B53D82400D3FD00 /* WorkSpaceAddViewModel.swift in Sources */,
				D6DCA38E2B5D741300236EDB /* ChannelRepository.swift in Sources */,
				D6BA71792B500F6200D3FD00 /* LoginSignUpErrorType.swift in Sources */,
				D6DCA35E2B584E0200236EDB /* SearchWorkSpacesResponseDTO.swift in Sources */,
				D616D2832B4862BF0012CFC5 /* NetWorkErrorType.swift in Sources */,
				D6BA71692B4EE3DF00D3FD00 /* EmailLoginViewModel.swift in Sources */,
				D6BA71772B4FEEEA00D3FD00 /* RefreshErrorType.swift in Sources */,
				D6BA718E2B53DE5C00D3FD00 /* WorkSpaceRepository.swift in Sources */,
				D6DCA38A2B5D419000236EDB /* UIImageView+Extension.swift in Sources */,
				D6BA718B2B53DB8F00D3FD00 /* AddWorkSpaceResponseDTO.swift in Sources */,
				D69D464D2B5ED1490044C756 /* WorkspaceListEmptyView.swift in Sources */,
				D6DCA37E2B5A967E00236EDB /* WorkSpaceManager.swift in Sources */,
				D6BA716D2B4EEF2200D3FD00 /* LoginErrorTextFieldType.swift in Sources */,
				D6C7A2342B6145170007102A /* CustomFontColorLabel.swift in Sources */,
				D616D2A12B4BE2830012CFC5 /* UserDefaultsManager.swift in Sources */,
				D6BA715C2B4EC11D00D3FD00 /* WorkSpaceHomeEmptyViewController.swift in Sources */,
				D6BA71522B4E90F100D3FD00 /* LoginRespository.swift in Sources */,
				D6C7A22B2B602C2A0007102A /* SlideInTransition.swift in Sources */,
				D654CA852B470CDF0054AD46 /* AuthViewController.swift in Sources */,
				D6DCA3802B5A9B0800236EDB /* SearchWorkSpaceRequestDTO.swift in Sources */,
				D6C7A2362B6152430007102A /* ResusableProtocol.swift in Sources */,
				D6DCA39C2B5D779B00236EDB /* DMUseCase.swift in Sources */,
				D654CA732B463C210054AD46 /* UIColor+Extension.swift in Sources */,
				D616D2782B48546C0012CFC5 /* Router.swift in Sources */,
				D6C7A22E2B6117A70007102A /* TabbarController.swift in Sources */,
				D6BA714E2B4D838D00D3FD00 /* KakaoResponseDTO.swift in Sources */,
				D654CA1D2B4435600054AD46 /* OnBoardingViewController.swift in Sources */,
				D6BA71752B4FEEB900D3FD00 /* RefreshTokenResponseDTO.swift in Sources */,
				D6BA71912B53DF0C00D3FD00 /* DefaultWorkSpaceRepository.swift in Sources */,
				D616D29B2B4AAB750012CFC5 /* String+Extension.swift in Sources */,
				D6BA71802B52B78900D3FD00 /* WorkSpaceProfileView.swift in Sources */,
				D616D27D2B4856A80012CFC5 /* EmailValidationRequestDTO.swift in Sources */,
				D6BA714C2B4D835700D3FD00 /* KakaoLoginRequestDTO.swift in Sources */,
				D69D46512B5FD8D20044C756 /* WorkSpaceListView.swift in Sources */,
				D616D2722B48419B0012CFC5 /* CustomPlaceHolderTextField.swift in Sources */,
				D654CA7D2B46DB780054AD46 /* CustomBackgroundTitleWhiteLabelButton.swift in Sources */,
				D654CA192B4435600054AD46 /* AppDelegate.swift in Sources */,
				D616D29F2B4B1F4E0012CFC5 /* SignUpResponseDTO.swift in Sources */,
				D654CA6F2B45C1390054AD46 /* Font.swift in Sources */,
				D6DCA3862B5D2F9600236EDB /* SearchMyWorkSpaceDMRequestDTO.swift in Sources */,
				D616D2992B487FF10012CFC5 /* SignUpViewModel.swift in Sources */,
				D6DCA3932B5D74D900236EDB /* ChannelUseCase.swift in Sources */,
				D654CA802B46FDD60054AD46 /* BaseViewController.swift in Sources */,
				D6DCA37C2B5A8A6A00236EDB /* ViewManager.swift in Sources */,
				D6DCA36A2B59727100236EDB /* SplashViewModel.swift in Sources */,
				D6BA716B2B4EE3EA00D3FD00 /* EmailLoginViewController.swift in Sources */,
				D6BA71602B4EC53600D3FD00 /* AppleLoginResponseDTO.swift in Sources */,
				D6DCA3972B5D76AC00236EDB /* DMRepository.swift in Sources */,
				D69D464F2B5FD8300044C756 /* WorkSpaceListViewController.swift in Sources */,
				D616D26C2B48338D0012CFC5 /* SignUpViewController.swift in Sources */,
				D6C7A2322B612EA30007102A /* BaseTableViewCell.swift in Sources */,
				D6C7A2292B600CFA0007102A /* UIView+Extension.swift in Sources */,
				D6BA71712B4EFED000D3FD00 /* EmailLoginResponseDTO.swift in Sources */,
				D616D26A2B4833820012CFC5 /* SignUpView.swift in Sources */,
				D6BA71562B4E919B00D3FD00 /* DefaultLoginRepository.swift in Sources */,
				D616D28D2B48797B0012CFC5 /* SignRepository.swift in Sources */,
				D6BA715E2B4EC4B300D3FD00 /* AppleLoginRequestDTO.swift in Sources */,
				D616D2882B4864A60012CFC5 /* EmailValidationResponseDTO.swift in Sources */,
				D6BA71982B54014500D3FD00 /* WorkSpaceErrorType.swift in Sources */,
				D654CA502B459FCA0054AD46 /* APIKey.swift in Sources */,
				D654CA1B2B4435600054AD46 /* SceneDelegate.swift in Sources */,
				D6BA71502B4D83BA00D3FD00 /* TokenResponseDTO.swift in Sources */,
				D6DCA3992B5D76EE00236EDB /* DefaultDMRepository.swift in Sources */,
				D6BA714A2B4C583600D3FD00 /* AuthViewModel.swift in Sources */,
				D6DCA3612B591DE500236EDB /* MyInfoManager.swift in Sources */,
				D6DCA3632B591EFE00236EDB /* MyInfoResponseDTO.swift in Sources */,
				D6BA719D2B5448F100D3FD00 /* WorkSpaceHomeDefaultViewController.swift in Sources */,
				D6BA716F2B4EFDCB00D3FD00 /* EmailLoginRequestDTO.swift in Sources */,
				D616D26E2B4833E00012CFC5 /* BaseView.swift in Sources */,
				D6DCA3662B596F7B00236EDB /* SplashViewController.swift in Sources */,
				D616D2A62B4BE59F0012CFC5 /* WorkSpaceInitViewController.swift in Sources */,
				D6BA71892B53D91A00D3FD00 /* AddWorkSpaceRequestDTO.swift in Sources */,
				D654CA752B46C2110054AD46 /* Icon.swift in Sources */,
				D616D2952B487D2E0012CFC5 /* SignUseCase.swift in Sources */,
				D6C7A2302B612E8A0007102A /* WorkSpaceListTableViewCell.swift in Sources */,
				D654CA6D2B45B3A00054AD46 /* Color.swift in Sources */,
				D6DCA37A2B59BFC000236EDB /* SearchMyChannelsResponseDTO.swift in Sources */,
				D6DCA3572B57D8C400236EDB /* BaseCollectionViewCell.swift in Sources */,
				D6BA71962B53F37000D3FD00 /* UIImage+Extension.swift in Sources */,
				D6BA71732B4FEC8600D3FD00 /* Interceptor.swift in Sources */,
				D6DCA3902B5D746E00236EDB /* DefaultChannelRepository.swift in Sources */,
				D6BA71832B52E35F00D3FD00 /* WorkSpaceAddViewController.swift in Sources */,
				D616D2862B4863020012CFC5 /* ResponseErrorDTO.swift in Sources */,
				D616D2912B487BB30012CFC5 /* DefaultSignRepository.swift in Sources */,
				D6DCA3822B5A9B5F00236EDB /* SearchWorkSpaceResponseDTO.swift in Sources */,
				D6DCA36C2B5972E700236EDB /* RX+Extension.swift in Sources */,
				D6BA71592B4E920E00D3FD00 /* LoginUseCase.swift in Sources */,
				D6DCA3702B59B11400236EDB /* WorkSpaceHomeDefaultViewModel.swift in Sources */,
			);
			runOnlyForDeploymentPostprocessing = 0;
		};
		D654CA272B4435610054AD46 /* Sources */ = {
			isa = PBXSourcesBuildPhase;
			buildActionMask = 2147483647;
			files = (
				D654CA302B4435610054AD46 /* SeSacSlackTests.swift in Sources */,
			);
			runOnlyForDeploymentPostprocessing = 0;
		};
		D654CA312B4435610054AD46 /* Sources */ = {
			isa = PBXSourcesBuildPhase;
			buildActionMask = 2147483647;
			files = (
				D654CA3A2B4435610054AD46 /* SeSacSlackUITests.swift in Sources */,
				D654CA3C2B4435610054AD46 /* SeSacSlackUITestsLaunchTests.swift in Sources */,
			);
			runOnlyForDeploymentPostprocessing = 0;
		};
/* End PBXSourcesBuildPhase section */

/* Begin PBXTargetDependency section */
		D654CA2D2B4435610054AD46 /* PBXTargetDependency */ = {
			isa = PBXTargetDependency;
			target = D654CA142B4435600054AD46 /* SeSacSlack */;
			targetProxy = D654CA2C2B4435610054AD46 /* PBXContainerItemProxy */;
		};
		D654CA372B4435610054AD46 /* PBXTargetDependency */ = {
			isa = PBXTargetDependency;
			target = D654CA142B4435600054AD46 /* SeSacSlack */;
			targetProxy = D654CA362B4435610054AD46 /* PBXContainerItemProxy */;
		};
/* End PBXTargetDependency section */

/* Begin PBXVariantGroup section */
		D654CA232B4435610054AD46 /* LaunchScreen.storyboard */ = {
			isa = PBXVariantGroup;
			children = (
				D654CA242B4435610054AD46 /* Base */,
			);
			name = LaunchScreen.storyboard;
			sourceTree = "<group>";
		};
/* End PBXVariantGroup section */

/* Begin XCBuildConfiguration section */
		D654CA3D2B4435610054AD46 /* Debug */ = {
			isa = XCBuildConfiguration;
			baseConfigurationReference = D654CA4E2B459FC00054AD46 /* Config.xcconfig */;
			buildSettings = {
				ALWAYS_SEARCH_USER_PATHS = NO;
				ASSETCATALOG_COMPILER_GENERATE_SWIFT_ASSET_SYMBOL_EXTENSIONS = YES;
				CLANG_ANALYZER_NONNULL = YES;
				CLANG_ANALYZER_NUMBER_OBJECT_CONVERSION = YES_AGGRESSIVE;
				CLANG_CXX_LANGUAGE_STANDARD = "gnu++20";
				CLANG_ENABLE_MODULES = YES;
				CLANG_ENABLE_OBJC_ARC = YES;
				CLANG_ENABLE_OBJC_WEAK = YES;
				CLANG_WARN_BLOCK_CAPTURE_AUTORELEASING = YES;
				CLANG_WARN_BOOL_CONVERSION = YES;
				CLANG_WARN_COMMA = YES;
				CLANG_WARN_CONSTANT_CONVERSION = YES;
				CLANG_WARN_DEPRECATED_OBJC_IMPLEMENTATIONS = YES;
				CLANG_WARN_DIRECT_OBJC_ISA_USAGE = YES_ERROR;
				CLANG_WARN_DOCUMENTATION_COMMENTS = YES;
				CLANG_WARN_EMPTY_BODY = YES;
				CLANG_WARN_ENUM_CONVERSION = YES;
				CLANG_WARN_INFINITE_RECURSION = YES;
				CLANG_WARN_INT_CONVERSION = YES;
				CLANG_WARN_NON_LITERAL_NULL_CONVERSION = YES;
				CLANG_WARN_OBJC_IMPLICIT_RETAIN_SELF = YES;
				CLANG_WARN_OBJC_LITERAL_CONVERSION = YES;
				CLANG_WARN_OBJC_ROOT_CLASS = YES_ERROR;
				CLANG_WARN_QUOTED_INCLUDE_IN_FRAMEWORK_HEADER = YES;
				CLANG_WARN_RANGE_LOOP_ANALYSIS = YES;
				CLANG_WARN_STRICT_PROTOTYPES = YES;
				CLANG_WARN_SUSPICIOUS_MOVE = YES;
				CLANG_WARN_UNGUARDED_AVAILABILITY = YES_AGGRESSIVE;
				CLANG_WARN_UNREACHABLE_CODE = YES;
				CLANG_WARN__DUPLICATE_METHOD_MATCH = YES;
				COPY_PHASE_STRIP = NO;
				DEBUG_INFORMATION_FORMAT = dwarf;
				ENABLE_STRICT_OBJC_MSGSEND = YES;
				ENABLE_TESTABILITY = YES;
				ENABLE_USER_SCRIPT_SANDBOXING = YES;
				GCC_C_LANGUAGE_STANDARD = gnu17;
				GCC_DYNAMIC_NO_PIC = NO;
				GCC_NO_COMMON_BLOCKS = YES;
				GCC_OPTIMIZATION_LEVEL = 0;
				GCC_PREPROCESSOR_DEFINITIONS = (
					"DEBUG=1",
					"$(inherited)",
				);
				GCC_WARN_64_TO_32_BIT_CONVERSION = YES;
				GCC_WARN_ABOUT_RETURN_TYPE = YES_ERROR;
				GCC_WARN_UNDECLARED_SELECTOR = YES;
				GCC_WARN_UNINITIALIZED_AUTOS = YES_AGGRESSIVE;
				GCC_WARN_UNUSED_FUNCTION = YES;
				GCC_WARN_UNUSED_VARIABLE = YES;
				IPHONEOS_DEPLOYMENT_TARGET = 17.0;
				LOCALIZATION_PREFERS_STRING_CATALOGS = YES;
				MTL_ENABLE_DEBUG_INFO = INCLUDE_SOURCE;
				MTL_FAST_MATH = YES;
				ONLY_ACTIVE_ARCH = YES;
				SDKROOT = iphoneos;
				SWIFT_ACTIVE_COMPILATION_CONDITIONS = "DEBUG $(inherited)";
				SWIFT_OPTIMIZATION_LEVEL = "-Onone";
			};
			name = Debug;
		};
		D654CA3E2B4435610054AD46 /* Release */ = {
			isa = XCBuildConfiguration;
			baseConfigurationReference = D654CA4E2B459FC00054AD46 /* Config.xcconfig */;
			buildSettings = {
				ALWAYS_SEARCH_USER_PATHS = NO;
				ASSETCATALOG_COMPILER_GENERATE_SWIFT_ASSET_SYMBOL_EXTENSIONS = YES;
				CLANG_ANALYZER_NONNULL = YES;
				CLANG_ANALYZER_NUMBER_OBJECT_CONVERSION = YES_AGGRESSIVE;
				CLANG_CXX_LANGUAGE_STANDARD = "gnu++20";
				CLANG_ENABLE_MODULES = YES;
				CLANG_ENABLE_OBJC_ARC = YES;
				CLANG_ENABLE_OBJC_WEAK = YES;
				CLANG_WARN_BLOCK_CAPTURE_AUTORELEASING = YES;
				CLANG_WARN_BOOL_CONVERSION = YES;
				CLANG_WARN_COMMA = YES;
				CLANG_WARN_CONSTANT_CONVERSION = YES;
				CLANG_WARN_DEPRECATED_OBJC_IMPLEMENTATIONS = YES;
				CLANG_WARN_DIRECT_OBJC_ISA_USAGE = YES_ERROR;
				CLANG_WARN_DOCUMENTATION_COMMENTS = YES;
				CLANG_WARN_EMPTY_BODY = YES;
				CLANG_WARN_ENUM_CONVERSION = YES;
				CLANG_WARN_INFINITE_RECURSION = YES;
				CLANG_WARN_INT_CONVERSION = YES;
				CLANG_WARN_NON_LITERAL_NULL_CONVERSION = YES;
				CLANG_WARN_OBJC_IMPLICIT_RETAIN_SELF = YES;
				CLANG_WARN_OBJC_LITERAL_CONVERSION = YES;
				CLANG_WARN_OBJC_ROOT_CLASS = YES_ERROR;
				CLANG_WARN_QUOTED_INCLUDE_IN_FRAMEWORK_HEADER = YES;
				CLANG_WARN_RANGE_LOOP_ANALYSIS = YES;
				CLANG_WARN_STRICT_PROTOTYPES = YES;
				CLANG_WARN_SUSPICIOUS_MOVE = YES;
				CLANG_WARN_UNGUARDED_AVAILABILITY = YES_AGGRESSIVE;
				CLANG_WARN_UNREACHABLE_CODE = YES;
				CLANG_WARN__DUPLICATE_METHOD_MATCH = YES;
				COPY_PHASE_STRIP = NO;
				DEBUG_INFORMATION_FORMAT = "dwarf-with-dsym";
				ENABLE_NS_ASSERTIONS = NO;
				ENABLE_STRICT_OBJC_MSGSEND = YES;
				ENABLE_USER_SCRIPT_SANDBOXING = YES;
				GCC_C_LANGUAGE_STANDARD = gnu17;
				GCC_NO_COMMON_BLOCKS = YES;
				GCC_WARN_64_TO_32_BIT_CONVERSION = YES;
				GCC_WARN_ABOUT_RETURN_TYPE = YES_ERROR;
				GCC_WARN_UNDECLARED_SELECTOR = YES;
				GCC_WARN_UNINITIALIZED_AUTOS = YES_AGGRESSIVE;
				GCC_WARN_UNUSED_FUNCTION = YES;
				GCC_WARN_UNUSED_VARIABLE = YES;
				IPHONEOS_DEPLOYMENT_TARGET = 17.0;
				LOCALIZATION_PREFERS_STRING_CATALOGS = YES;
				MTL_ENABLE_DEBUG_INFO = NO;
				MTL_FAST_MATH = YES;
				SDKROOT = iphoneos;
				SWIFT_COMPILATION_MODE = wholemodule;
				VALIDATE_PRODUCT = YES;
			};
			name = Release;
		};
		D654CA402B4435610054AD46 /* Debug */ = {
			isa = XCBuildConfiguration;
			baseConfigurationReference = D654CA4E2B459FC00054AD46 /* Config.xcconfig */;
			buildSettings = {
				ASSETCATALOG_COMPILER_APPICON_NAME = AppIcon;
				ASSETCATALOG_COMPILER_GLOBAL_ACCENT_COLOR_NAME = AccentColor;
				CODE_SIGN_ENTITLEMENTS = SeSacSlack/SeSacSlack.entitlements;
				CODE_SIGN_STYLE = Automatic;
				CURRENT_PROJECT_VERSION = 1;
				DEVELOPMENT_TEAM = Y7C6A3W353;
				GENERATE_INFOPLIST_FILE = YES;
				INFOPLIST_FILE = SeSacSlack/Info.plist;
				INFOPLIST_KEY_UIApplicationSupportsIndirectInputEvents = YES;
				INFOPLIST_KEY_UILaunchStoryboardName = LaunchScreen;
				INFOPLIST_KEY_UISupportedInterfaceOrientations = UIInterfaceOrientationPortrait;
				INFOPLIST_KEY_UISupportedInterfaceOrientations_iPad = "UIInterfaceOrientationLandscapeLeft UIInterfaceOrientationLandscapeRight UIInterfaceOrientationPortrait UIInterfaceOrientationPortraitUpsideDown";
				INFOPLIST_KEY_UIUserInterfaceStyle = Light;
				IPHONEOS_DEPLOYMENT_TARGET = 16.0;
				LD_RUNPATH_SEARCH_PATHS = (
					"$(inherited)",
					"@executable_path/Frameworks",
				);
				MARKETING_VERSION = 1.0;
				PRODUCT_BUNDLE_IDENTIFIER = com.sangnam.SeSacSlack;
				PRODUCT_NAME = "$(TARGET_NAME)";
				SUPPORTED_PLATFORMS = "iphoneos iphonesimulator";
				SUPPORTS_MACCATALYST = NO;
				SUPPORTS_MAC_DESIGNED_FOR_IPHONE_IPAD = NO;
				SWIFT_EMIT_LOC_STRINGS = YES;
				SWIFT_VERSION = 5.0;
				TARGETED_DEVICE_FAMILY = 1;
			};
			name = Debug;
		};
		D654CA412B4435610054AD46 /* Release */ = {
			isa = XCBuildConfiguration;
			baseConfigurationReference = D654CA4E2B459FC00054AD46 /* Config.xcconfig */;
			buildSettings = {
				ASSETCATALOG_COMPILER_APPICON_NAME = AppIcon;
				ASSETCATALOG_COMPILER_GLOBAL_ACCENT_COLOR_NAME = AccentColor;
				CODE_SIGN_ENTITLEMENTS = SeSacSlack/SeSacSlack.entitlements;
				CODE_SIGN_STYLE = Automatic;
				CURRENT_PROJECT_VERSION = 1;
				DEVELOPMENT_TEAM = Y7C6A3W353;
				GENERATE_INFOPLIST_FILE = YES;
				INFOPLIST_FILE = SeSacSlack/Info.plist;
				INFOPLIST_KEY_UIApplicationSupportsIndirectInputEvents = YES;
				INFOPLIST_KEY_UILaunchStoryboardName = LaunchScreen;
				INFOPLIST_KEY_UISupportedInterfaceOrientations = UIInterfaceOrientationPortrait;
				INFOPLIST_KEY_UISupportedInterfaceOrientations_iPad = "UIInterfaceOrientationLandscapeLeft UIInterfaceOrientationLandscapeRight UIInterfaceOrientationPortrait UIInterfaceOrientationPortraitUpsideDown";
				INFOPLIST_KEY_UIUserInterfaceStyle = Light;
				IPHONEOS_DEPLOYMENT_TARGET = 16.0;
				LD_RUNPATH_SEARCH_PATHS = (
					"$(inherited)",
					"@executable_path/Frameworks",
				);
				MARKETING_VERSION = 1.0;
				PRODUCT_BUNDLE_IDENTIFIER = com.sangnam.SeSacSlack;
				PRODUCT_NAME = "$(TARGET_NAME)";
				SUPPORTED_PLATFORMS = "iphoneos iphonesimulator";
				SUPPORTS_MACCATALYST = NO;
				SUPPORTS_MAC_DESIGNED_FOR_IPHONE_IPAD = NO;
				SWIFT_EMIT_LOC_STRINGS = YES;
				SWIFT_VERSION = 5.0;
				TARGETED_DEVICE_FAMILY = 1;
			};
			name = Release;
		};
		D654CA432B4435610054AD46 /* Debug */ = {
			isa = XCBuildConfiguration;
			buildSettings = {
				ALWAYS_EMBED_SWIFT_STANDARD_LIBRARIES = YES;
				BUNDLE_LOADER = "$(TEST_HOST)";
				CODE_SIGN_STYLE = Automatic;
				CURRENT_PROJECT_VERSION = 1;
				DEVELOPMENT_TEAM = Y7C6A3W353;
				GENERATE_INFOPLIST_FILE = YES;
				IPHONEOS_DEPLOYMENT_TARGET = 17.0;
				MARKETING_VERSION = 1.0;
				PRODUCT_BUNDLE_IDENTIFIER = com.sangnam.SeSacSlackTests;
				PRODUCT_NAME = "$(TARGET_NAME)";
				SWIFT_EMIT_LOC_STRINGS = NO;
				SWIFT_VERSION = 5.0;
				TARGETED_DEVICE_FAMILY = "1,2";
				TEST_HOST = "$(BUILT_PRODUCTS_DIR)/SeSacSlack.app/$(BUNDLE_EXECUTABLE_FOLDER_PATH)/SeSacSlack";
			};
			name = Debug;
		};
		D654CA442B4435610054AD46 /* Release */ = {
			isa = XCBuildConfiguration;
			buildSettings = {
				ALWAYS_EMBED_SWIFT_STANDARD_LIBRARIES = YES;
				BUNDLE_LOADER = "$(TEST_HOST)";
				CODE_SIGN_STYLE = Automatic;
				CURRENT_PROJECT_VERSION = 1;
				DEVELOPMENT_TEAM = Y7C6A3W353;
				GENERATE_INFOPLIST_FILE = YES;
				IPHONEOS_DEPLOYMENT_TARGET = 17.0;
				MARKETING_VERSION = 1.0;
				PRODUCT_BUNDLE_IDENTIFIER = com.sangnam.SeSacSlackTests;
				PRODUCT_NAME = "$(TARGET_NAME)";
				SWIFT_EMIT_LOC_STRINGS = NO;
				SWIFT_VERSION = 5.0;
				TARGETED_DEVICE_FAMILY = "1,2";
				TEST_HOST = "$(BUILT_PRODUCTS_DIR)/SeSacSlack.app/$(BUNDLE_EXECUTABLE_FOLDER_PATH)/SeSacSlack";
			};
			name = Release;
		};
		D654CA462B4435610054AD46 /* Debug */ = {
			isa = XCBuildConfiguration;
			buildSettings = {
				ALWAYS_EMBED_SWIFT_STANDARD_LIBRARIES = YES;
				CODE_SIGN_STYLE = Automatic;
				CURRENT_PROJECT_VERSION = 1;
				DEVELOPMENT_TEAM = Y7C6A3W353;
				GENERATE_INFOPLIST_FILE = YES;
				MARKETING_VERSION = 1.0;
				PRODUCT_BUNDLE_IDENTIFIER = com.sangnam.SeSacSlackUITests;
				PRODUCT_NAME = "$(TARGET_NAME)";
				SWIFT_EMIT_LOC_STRINGS = NO;
				SWIFT_VERSION = 5.0;
				TARGETED_DEVICE_FAMILY = "1,2";
				TEST_TARGET_NAME = SeSacSlack;
			};
			name = Debug;
		};
		D654CA472B4435610054AD46 /* Release */ = {
			isa = XCBuildConfiguration;
			buildSettings = {
				ALWAYS_EMBED_SWIFT_STANDARD_LIBRARIES = YES;
				CODE_SIGN_STYLE = Automatic;
				CURRENT_PROJECT_VERSION = 1;
				DEVELOPMENT_TEAM = Y7C6A3W353;
				GENERATE_INFOPLIST_FILE = YES;
				MARKETING_VERSION = 1.0;
				PRODUCT_BUNDLE_IDENTIFIER = com.sangnam.SeSacSlackUITests;
				PRODUCT_NAME = "$(TARGET_NAME)";
				SWIFT_EMIT_LOC_STRINGS = NO;
				SWIFT_VERSION = 5.0;
				TARGETED_DEVICE_FAMILY = "1,2";
				TEST_TARGET_NAME = SeSacSlack;
			};
			name = Release;
		};
/* End XCBuildConfiguration section */

/* Begin XCConfigurationList section */
		D654CA102B4435600054AD46 /* Build configuration list for PBXProject "SeSacSlack" */ = {
			isa = XCConfigurationList;
			buildConfigurations = (
				D654CA3D2B4435610054AD46 /* Debug */,
				D654CA3E2B4435610054AD46 /* Release */,
			);
			defaultConfigurationIsVisible = 0;
			defaultConfigurationName = Release;
		};
		D654CA3F2B4435610054AD46 /* Build configuration list for PBXNativeTarget "SeSacSlack" */ = {
			isa = XCConfigurationList;
			buildConfigurations = (
				D654CA402B4435610054AD46 /* Debug */,
				D654CA412B4435610054AD46 /* Release */,
			);
			defaultConfigurationIsVisible = 0;
			defaultConfigurationName = Release;
		};
		D654CA422B4435610054AD46 /* Build configuration list for PBXNativeTarget "SeSacSlackTests" */ = {
			isa = XCConfigurationList;
			buildConfigurations = (
				D654CA432B4435610054AD46 /* Debug */,
				D654CA442B4435610054AD46 /* Release */,
			);
			defaultConfigurationIsVisible = 0;
			defaultConfigurationName = Release;
		};
		D654CA452B4435610054AD46 /* Build configuration list for PBXNativeTarget "SeSacSlackUITests" */ = {
			isa = XCConfigurationList;
			buildConfigurations = (
				D654CA462B4435610054AD46 /* Debug */,
				D654CA472B4435610054AD46 /* Release */,
			);
			defaultConfigurationIsVisible = 0;
			defaultConfigurationName = Release;
		};
/* End XCConfigurationList section */

/* Begin XCRemoteSwiftPackageReference section */
		D616D2A72B4C06860012CFC5 /* XCRemoteSwiftPackageReference "IQKeyboardManager" */ = {
			isa = XCRemoteSwiftPackageReference;
			repositoryURL = "https://github.com/hackiftekhar/IQKeyboardManager.git";
			requirement = {
				kind = upToNextMajorVersion;
				minimumVersion = 6.5.16;
			};
		};
		D654CA512B45A6B00054AD46 /* XCRemoteSwiftPackageReference "SnapKit" */ = {
			isa = XCRemoteSwiftPackageReference;
			repositoryURL = "https://github.com/SnapKit/SnapKit";
			requirement = {
				kind = upToNextMajorVersion;
				minimumVersion = 5.7.0;
			};
		};
		D654CA542B45A7790054AD46 /* XCRemoteSwiftPackageReference "kakao-ios-sdk-rx" */ = {
			isa = XCRemoteSwiftPackageReference;
			repositoryURL = "https://github.com/kakao/kakao-ios-sdk-rx";
			requirement = {
				branch = master;
				kind = branch;
			};
		};
		D654CA5D2B45A7A30054AD46 /* XCRemoteSwiftPackageReference "Alamofire" */ = {
			isa = XCRemoteSwiftPackageReference;
			repositoryURL = "https://github.com/Alamofire/Alamofire.git";
			requirement = {
				kind = upToNextMajorVersion;
				minimumVersion = 5.8.1;
			};
		};
		D654CA602B45A7AF0054AD46 /* XCRemoteSwiftPackageReference "Toast-Swift" */ = {
			isa = XCRemoteSwiftPackageReference;
			repositoryURL = "https://github.com/scalessec/Toast-Swift";
			requirement = {
				kind = upToNextMajorVersion;
				minimumVersion = 5.0.1;
			};
		};
		D654CA632B45A7BF0054AD46 /* XCRemoteSwiftPackageReference "Kingfisher" */ = {
			isa = XCRemoteSwiftPackageReference;
			repositoryURL = "https://github.com/onevcat/Kingfisher";
			requirement = {
				kind = upToNextMajorVersion;
				minimumVersion = 7.10.1;
			};
		};
		D654CA662B45A7F90054AD46 /* XCRemoteSwiftPackageReference "RxSwift" */ = {
			isa = XCRemoteSwiftPackageReference;
			repositoryURL = "https://github.com/ReactiveX/RxSwift.git";
			requirement = {
				kind = upToNextMajorVersion;
				minimumVersion = 6.6.0;
			};
		};
/* End XCRemoteSwiftPackageReference section */

/* Begin XCSwiftPackageProductDependency section */
		D616D2A82B4C06860012CFC5 /* IQKeyboardManagerSwift */ = {
			isa = XCSwiftPackageProductDependency;
			package = D616D2A72B4C06860012CFC5 /* XCRemoteSwiftPackageReference "IQKeyboardManager" */;
			productName = IQKeyboardManagerSwift;
		};
		D654CA522B45A6B00054AD46 /* SnapKit */ = {
			isa = XCSwiftPackageProductDependency;
			package = D654CA512B45A6B00054AD46 /* XCRemoteSwiftPackageReference "SnapKit" */;
			productName = SnapKit;
		};
		D654CA552B45A7790054AD46 /* RxKakaoSDK */ = {
			isa = XCSwiftPackageProductDependency;
			package = D654CA542B45A7790054AD46 /* XCRemoteSwiftPackageReference "kakao-ios-sdk-rx" */;
			productName = RxKakaoSDK;
		};
		D654CA572B45A7790054AD46 /* RxKakaoSDKAuth */ = {
			isa = XCSwiftPackageProductDependency;
			package = D654CA542B45A7790054AD46 /* XCRemoteSwiftPackageReference "kakao-ios-sdk-rx" */;
			productName = RxKakaoSDKAuth;
		};
		D654CA592B45A7790054AD46 /* RxKakaoSDKCommon */ = {
			isa = XCSwiftPackageProductDependency;
			package = D654CA542B45A7790054AD46 /* XCRemoteSwiftPackageReference "kakao-ios-sdk-rx" */;
			productName = RxKakaoSDKCommon;
		};
		D654CA5B2B45A7790054AD46 /* RxKakaoSDKUser */ = {
			isa = XCSwiftPackageProductDependency;
			package = D654CA542B45A7790054AD46 /* XCRemoteSwiftPackageReference "kakao-ios-sdk-rx" */;
			productName = RxKakaoSDKUser;
		};
		D654CA5E2B45A7A30054AD46 /* Alamofire */ = {
			isa = XCSwiftPackageProductDependency;
			package = D654CA5D2B45A7A30054AD46 /* XCRemoteSwiftPackageReference "Alamofire" */;
			productName = Alamofire;
		};
		D654CA612B45A7AF0054AD46 /* Toast */ = {
			isa = XCSwiftPackageProductDependency;
			package = D654CA602B45A7AF0054AD46 /* XCRemoteSwiftPackageReference "Toast-Swift" */;
			productName = Toast;
		};
		D654CA642B45A7BF0054AD46 /* Kingfisher */ = {
			isa = XCSwiftPackageProductDependency;
			package = D654CA632B45A7BF0054AD46 /* XCRemoteSwiftPackageReference "Kingfisher" */;
			productName = Kingfisher;
		};
		D654CA672B45A7F90054AD46 /* RxCocoa */ = {
			isa = XCSwiftPackageProductDependency;
			package = D654CA662B45A7F90054AD46 /* XCRemoteSwiftPackageReference "RxSwift" */;
			productName = RxCocoa;
		};
		D654CA692B45A7F90054AD46 /* RxSwift */ = {
			isa = XCSwiftPackageProductDependency;
			package = D654CA662B45A7F90054AD46 /* XCRemoteSwiftPackageReference "RxSwift" */;
			productName = RxSwift;
		};
/* End XCSwiftPackageProductDependency section */
	};
	rootObject = D654CA0D2B4435600054AD46 /* Project object */;
}
